
Microsoft Visual Studio Solution File, Format Version 12.00
# Visual Studio Version 18
VisualStudioVersion = 18.3.11520.95
MinimumVisualStudioVersion = 10.0.40219.1
Project("{FAE04EC0-301F-11D3-BF4B-00C04F79EFBC}") = "JobAPI.Contracts", "services\micro-services\job-api\JobAPI.Contracts\JobAPI.Contracts.csproj", "{FEB5E1E6-3211-489F-B08E-64BD4B6C3825}"
EndProject
Project("{FAE04EC0-301F-11D3-BF4B-00C04F79EFBC}") = "JobApi.Service", "services\micro-services\job-api\JobApi.Service\JobApi.Service.csproj", "{EC73AD0D-E9E0-4232-A67A-1094E1E3C09C}"
EndProject
Project("{2150E333-8FDC-42A3-9474-1A3956D46DE8}") = "services", "services", "{6A994D23-9BFA-4202-9DC2-71AB66DDD0F2}"
	ProjectSection(SolutionItems) = preProject
		services\Elkhair.Dev.Common\Application\DaprExtensions.cs = services\Elkhair.Dev.Common\Application\DaprExtensions.cs
		services\Elkhair.Dev.Common\Application\Extensions.cs = services\Elkhair.Dev.Common\Application\Extensions.cs
		services\Elkhair.Dev.Common\Application\LoggingAndTracingExtensions.cs = services\Elkhair.Dev.Common\Application\LoggingAndTracingExtensions.cs
	EndProjectSection
EndProject
Project("{2150E333-8FDC-42A3-9474-1A3956D46DE8}") = "job-api", "job-api", "{34F29689-4830-4406-B6E6-A36922FFAA5B}"
	ProjectSection(SolutionItems) = preProject
		services\job-api\.dockerignore = services\job-api\.dockerignore
		services\job-api\Dockerfile = services\job-api\Dockerfile
		services\job-api\Nuget.Config = services\job-api\Nuget.Config
	EndProjectSection
EndProject
Project("{FAE04EC0-301F-11D3-BF4B-00C04F79EFBC}") = "CompanyAPI.Contracts", "services\micro-services\company-api\CompanyAPI.Contracts\CompanyAPI.Contracts.csproj", "{F4901292-135E-4E36-93E7-C02762BA6116}"
EndProject
Project("{FAE04EC0-301F-11D3-BF4B-00C04F79EFBC}") = "CompanyApi.Service", "services\micro-services\company-api\CompanyApi.Service\CompanyApi.Service.csproj", "{391F1325-33CC-4414-B0C5-05395FF006F2}"
EndProject
Project("{2150E333-8FDC-42A3-9474-1A3956D46DE8}") = "company-api", "company-api", "{45755CDE-8322-42B4-ADC0-A0126A3997A4}"
	ProjectSection(SolutionItems) = preProject
		services\company-api\.dockerignore = services\company-api\.dockerignore
		services\company-api\Dockerfile = services\company-api\Dockerfile
		services\company-api\Nuget.Config = services\company-api\Nuget.Config
	EndProjectSection
EndProject
Project("{2150E333-8FDC-42A3-9474-1A3956D46DE8}") = "scripts", "scripts", "{97DBD6A3-512E-4CD4-AE68-6EC565FBC253}"
	ProjectSection(SolutionItems) = preProject
		scripts\CopyMicroservicesToMonolith.linq = scripts\CopyMicroservicesToMonolith.linq
		scripts\docker-compose.dev.yml = scripts\docker-compose.dev.yml
		scripts\docker-compose.prod.yml = scripts\docker-compose.prod.yml
		scripts\docker-publsh.sh = scripts\docker-publsh.sh
		scripts\migration.sh = scripts\migration.sh
		scripts\nuget-push.ps1 = scripts\nuget-push.ps1
	EndProjectSection
EndProject
Project("{2150E333-8FDC-42A3-9474-1A3956D46DE8}") = "user-api", "user-api", "{D27A4457-B09A-4389-B56C-7A1E180B5F89}"
	ProjectSection(SolutionItems) = preProject
		services\user-api\Dockerfile = services\user-api\Dockerfile
		services\user-api\Nuget.Config = services\user-api\Nuget.Config
	EndProjectSection
EndProject
Project("{FAE04EC0-301F-11D3-BF4B-00C04F79EFBC}") = "UserApi.Service", "services\micro-services\user-api\UserApi.Service\UserApi.Service.csproj", "{DA8D976B-3C28-4ECB-923A-59167EE25ABE}"
EndProject
Project("{FAE04EC0-301F-11D3-BF4B-00C04F79EFBC}") = "UserAPI.Contracts", "services\micro-services\user-api\UserAPI.Contracts\UserAPI.Contracts.csproj", "{B76718D9-1F9C-462A-B980-F48282456504}"
EndProject
Project("{2150E333-8FDC-42A3-9474-1A3956D46DE8}") = "admin-api", "admin-api", "{D12A1538-3710-454B-91F8-FA92024D5A9E}"
	ProjectSection(SolutionItems) = preProject
		services\admin-api\.dockerignore = services\admin-api\.dockerignore
		services\admin-api\Dockerfile = services\admin-api\Dockerfile
		services\admin-api\Nuget.Config = services\admin-api\Nuget.Config
	EndProjectSection
EndProject
Project("{FAE04EC0-301F-11D3-BF4B-00C04F79EFBC}") = "AdminAPI.Contracts", "services\micro-services\admin-api\AdminAPI.Contracts\AdminAPI.Contracts.csproj", "{5ED52D07-9BB8-4EF4-9DF1-53D19A8A5FDB}"
EndProject
Project("{FAE04EC0-301F-11D3-BF4B-00C04F79EFBC}") = "AdminApi.Service", "services\micro-services\admin-api\AdminApi.Service\AdminApi.Service.csproj", "{26C25DD2-F218-4209-9EA3-DEF2D029048C}"
EndProject
Project("{2150E333-8FDC-42A3-9474-1A3956D46DE8}") = "ai-service", "ai-service", "{E946D98E-8216-438D-BD42-407A4B4E8201}"
	ProjectSection(SolutionItems) = preProject
		services\ai-service\.dockerignore = services\ai-service\.dockerignore
		services\ai-service\Dockerfile = services\ai-service\Dockerfile
		services\ai-service\src\index.ts = services\ai-service\src\index.ts
		services\ai-service\Dapr\Components\Events\job-published-subscription.yaml = services\ai-service\Dapr\Components\Events\job-published-subscription.yaml
		services\ai-service\package-lock.json = services\ai-service\package-lock.json
		services\ai-service\package.json = services\ai-service\package.json
		services\ai-service\run.sh = services\ai-service\run.sh
		services\ai-service\Dapr\Components\Secrets\secret.yaml = services\ai-service\Dapr\Components\Secrets\secret.yaml
		services\ai-service\Dapr\secrets.json = services\ai-service\Dapr\secrets.json
		services\ai-service\settings\swagger.js = services\ai-service\settings\swagger.js
		services\ai-service\tsconfig.json = services\ai-service\tsconfig.json
	EndProjectSection
EndProject
Project("{2150E333-8FDC-42A3-9474-1A3956D46DE8}") = "src", "src", "{BA3D8C05-0820-48F3-A42F-0CF4FB40BD4D}"
	ProjectSection(SolutionItems) = preProject
		services\ai-service\src\index.ts = services\ai-service\src\index.ts
	EndProjectSection
EndProject
Project("{2150E333-8FDC-42A3-9474-1A3956D46DE8}") = "settings", "settings", "{20D49EF3-D810-4DE5-9817-FDB6DC93EC3C}"
	ProjectSection(SolutionItems) = preProject
		services\ai-service\settings\swagger.js = services\ai-service\settings\swagger.js
	EndProjectSection
EndProject
Project("{2150E333-8FDC-42A3-9474-1A3956D46DE8}") = "Elkhair.Dev.Common", "Elkhair.Dev.Common", "{55EFE0A8-3F4A-46E2-BD74-39D3D74D8B5E}"
EndProject
Project("{FAE04EC0-301F-11D3-BF4B-00C04F79EFBC}") = "Elkhair.Dev.Common", "services\micro-services\Elkhair.Dev.Common\Elkhair.Dev.Common.csproj", "{A13EA2EF-14FC-4CB1-BFCE-608B1728B788}"
EndProject
Project("{2150E333-8FDC-42A3-9474-1A3956D46DE8}") = "Components", "Components", "{7FCF5303-CB4C-4D08-98CF-E14F771C77C1}"
	ProjectSection(SolutionItems) = preProject
		Components\config.redis.yaml = Components\config.redis.yaml
		Components\jaeger.yaml = Components\jaeger.yaml
		Components\rabbitmq.yaml = Components\rabbitmq.yaml
		Components\statestore.yaml = Components\statestore.yaml
	EndProjectSection
EndProject
Project("{2150E333-8FDC-42A3-9474-1A3956D46DE8}") = "Config", "Config", "{3CE6F25C-5B37-4BA7-AFF8-8952DBA0A575}"
	ProjectSection(SolutionItems) = preProject
		Config\config.yaml = Config\config.yaml
	EndProjectSection
EndProject
Project("{2150E333-8FDC-42A3-9474-1A3956D46DE8}") = "docs", "docs", "{8F216E64-AB1B-4402-A602-B20D7B4C470F}"
	ProjectSection(SolutionItems) = preProject
		docs\create-company.mermaid = docs\create-company.mermaid
		docs\create-company.puml = docs\create-company.puml
		docs\create-job.puml = docs\create-job.puml
		docs\health-checks.md = docs\health-checks.md
		docs\local-environment.md = docs\local-environment.md
		docs\observability.md = docs\observability.md
		docs\plans\public-profile-feature-ideas.md = docs\plans\public-profile-feature-ideas.md
		docs\README.md = docs\README.md
		docs\resumeparse.puml = docs\resumeparse.puml
		docs\screenshots.md = docs\screenshots.md
		docs\seedjobs.json = docs\seedjobs.json
		docs\ssh-key-auth.md = docs\ssh-key-auth.md
		docs\strangler-fig.md = docs\strangler-fig.md
		docs\sync.puml = docs\sync.puml
		docs\plans\Why This Job Matches - Implementation Plan.pdf = docs\plans\Why This Job Matches - Implementation Plan.pdf
	EndProjectSection
EndProject
Project("{2150E333-8FDC-42A3-9474-1A3956D46DE8}") = "HealthChecks", "HealthChecks", "{6E111D1A-9F3E-4486-960C-57AF7DA4D809}"
	ProjectSection(SolutionItems) = preProject
		services\HealthChecks\Dockerfile = services\HealthChecks\Dockerfile
	EndProjectSection
EndProject
Project("{FAE04EC0-301F-11D3-BF4B-00C04F79EFBC}") = "JobBoard.WebStatus", "services\micro-services\HealthChecks\JobBoard.WebStatus\JobBoard.WebStatus.csproj", "{1264D55B-686A-4113-B882-B5B8A12F5D39}"
EndProject
Project("{FAE04EC0-301F-11D3-BF4B-00C04F79EFBC}") = "JobBoard.HealthChecks", "services\micro-services\HealthChecks\JobBoard.HealthChecks\JobBoard.HealthChecks.csproj", "{338B7BFE-C80F-43F0-9A98-AD8477C75B8D}"
EndProject
Project("{2150E333-8FDC-42A3-9474-1A3956D46DE8}") = "monolith", "monolith", "{315D5079-3539-49CA-93AF-2614E2A84E44}"
	ProjectSection(SolutionItems) = preProject
		services\monolith\.gitignore = services\monolith\.gitignore
	EndProjectSection
EndProject
Project("{2150E333-8FDC-42A3-9474-1A3956D46DE8}") = "Documentation", "Documentation", "{41FF63FA-CAF4-48DF-B7A6-66575AB4F7AC}"
	ProjectSection(SolutionItems) = preProject
		services\Monolith\Documentation\architecture.mermaid = services\Monolith\Documentation\architecture.mermaid
		services\Monolith\Documentation\architectureDiagram.png = services\Monolith\Documentation\architectureDiagram.png
		services\Monolith\Documentation\docker-compose.yml = services\Monolith\Documentation\docker-compose.yml
	EndProjectSection
EndProject
Project("{2150E333-8FDC-42A3-9474-1A3956D46DE8}") = "Src", "Src", "{8A455F08-FF6F-466D-AF5C-E11F8147D8A8}"
EndProject
Project("{2150E333-8FDC-42A3-9474-1A3956D46DE8}") = "Core", "Core", "{2E899BAD-CF02-48F6-BFEE-B7986DF4EC25}"
EndProject
Project("{2150E333-8FDC-42A3-9474-1A3956D46DE8}") = "Infrastructure", "Infrastructure", "{F14B3350-CE99-4C91-9077-1C0840D9A738}"
EndProject
Project("{2150E333-8FDC-42A3-9474-1A3956D46DE8}") = "Presentation", "Presentation", "{AD9ACDC2-CC8A-4163-8C51-7BFA37233E39}"
EndProject
Project("{FAE04EC0-301F-11D3-BF4B-00C04F79EFBC}") = "JobBoard.IntegrationEvents", "services\monolith\Src\Core\JobBoard.IntegrationEvents\JobBoard.IntegrationEvents.csproj", "{DEE66F5E-D4A2-4352-B27C-8FDB8DF537D2}"
EndProject
Project("{FAE04EC0-301F-11D3-BF4B-00C04F79EFBC}") = "JobBoard.Domain", "services\monolith\Src\Core\JobBoard.Domain\JobBoard.Domain.csproj", "{674ED163-0427-4009-8A57-3ECA8A041A9C}"
EndProject
Project("{FAE04EC0-301F-11D3-BF4B-00C04F79EFBC}") = "JobBoard.Application", "services\monolith\Src\Core\JobBoard.Application\JobBoard.Application.csproj", "{2F1DC9AD-E382-4F59-B0F4-0CFA42C7AC48}"
EndProject
Project("{FAE04EC0-301F-11D3-BF4B-00C04F79EFBC}") = "JobBoard.Infrastructure.Configuration", "services\monolith\Src\Infrastructure\JobBoard.Infrastructure.Configuration\JobBoard.Infrastructure.Configuration.csproj", "{6D3D4832-CDE0-4D7D-AD45-EC49F496B2BD}"
EndProject
Project("{FAE04EC0-301F-11D3-BF4B-00C04F79EFBC}") = "JobBoard.Infrastructure.Diagnostics", "services\monolith\Src\Infrastructure\JobBoard.Infrastructure.Diagnostics\JobBoard.Infrastructure.Diagnostics.csproj", "{A3EC32B8-DF37-4466-8191-0CD1AD4405AE}"
EndProject
Project("{FAE04EC0-301F-11D3-BF4B-00C04F79EFBC}") = "JobBoard.Infrastructure.Outbox", "services\monolith\Src\Infrastructure\JobBoard.Infrastructure.Outbox\JobBoard.Infrastructure.Outbox.csproj", "{416938B8-3667-4335-A6BF-B83B9C96A335}"
EndProject
Project("{FAE04EC0-301F-11D3-BF4B-00C04F79EFBC}") = "JobBoard.Infrastructure.Persistence", "services\monolith\Src\Infrastructure\JobBoard.Infrastructure.Persistence\JobBoard.Infrastructure.Persistence.csproj", "{0693DE9C-07EE-4970-A17A-68A28CA6C8DD}"
EndProject
Project("{FAE04EC0-301F-11D3-BF4B-00C04F79EFBC}") = "JobBoard.Infrastructure.Smtp", "services\monolith\Src\Infrastructure\JobBoard.Infrastructure.Smtp\JobBoard.Infrastructure.Smtp.csproj", "{8C2AB03D-33D7-4965-A686-EA8BFE5F21FA}"
EndProject
Project("{FAE04EC0-301F-11D3-BF4B-00C04F79EFBC}") = "JobBoard.API", "services\monolith\Src\Presentation\JobBoard.API\JobBoard.API.csproj", "{43614005-1121-4F50-9705-963590729F45}"
EndProject
Project("{2150E333-8FDC-42A3-9474-1A3956D46DE8}") = "micro-services", "micro-services", "{C188C6D3-42A7-48DB-82B2-15E67325DE94}"
EndProject
Project("{FAE04EC0-301F-11D3-BF4B-00C04F79EFBC}") = "JobBoard.Infrastructure.Vault", "services\monolith\Src\Infrastructure\JobBoard.Infrastructure.Vault\JobBoard.Infrastructure.Vault.csproj", "{A1B2C3D4-1111-2222-3333-444455556666}"
EndProject
Project("{FAE04EC0-301F-11D3-BF4B-00C04F79EFBC}") = "JobBoard.Infrastructure.RedisConfig", "services\monolith\Src\Infrastructure\JobBoard.Infrastructure.RedisConfig\JobBoard.Infrastructure.RedisConfig.csproj", "{A1B2C3D4-1111-2222-3333-444455557777}"
EndProject
Project("{FAE04EC0-301F-11D3-BF4B-00C04F79EFBC}") = "JobBoard.Infrastructure.Messaging", "services\monolith\Src\Infrastructure\JobBoard.Infrastructure.Messaging\JobBoard.Infrastructure.Messaging.csproj", "{A1B2C3D4-1111-2222-3333-444455558888}"
EndProject
Project("{FAE04EC0-301F-11D3-BF4B-00C04F79EFBC}") = "JobBoard.Infrastructure.HttpClients", "services\monolith\Src\Infrastructure\JobBoard.Infrastructure.HttpClients\JobBoard.Infrastructure.HttpClients.csproj", "{A1B2C3D4-1111-2222-3333-444455559999}"
EndProject
Project("{FAE04EC0-301F-11D3-BF4B-00C04F79EFBC}") = "JobBoard.AI.Infrastructure.HttpClients", "services\ai-service.v2\Src\Infrastructure\JobBoard.AI.Infrastructure.HttpClients\JobBoard.AI.Infrastructure.HttpClients.csproj", "{A1B2C3D4-1111-2222-3333-44445555AAAA}"
EndProject
Project("{2150E333-8FDC-42A3-9474-1A3956D46DE8}") = "connector-api", "connector-api", "{5E0D2CFC-5C65-4046-9C74-2B06EA5B397C}"
	ProjectSection(SolutionItems) = preProject
		services\micro-services\admin-api\Nuget.Config = services\micro-services\admin-api\Nuget.Config
	EndProjectSection
EndProject
Project("{FAE04EC0-301F-11D3-BF4B-00C04F79EFBC}") = "connector-api", "services\connector-api\connector-api.csproj", "{ECBB5C93-9D0E-43CE-BA02-E818B106414E}"
EndProject
Project("{2150E333-8FDC-42A3-9474-1A3956D46DE8}") = "Secrets", "Secrets", "{4A790129-1BD4-4F8D-AEE8-605D1E01538D}"
	ProjectSection(SolutionItems) = preProject
		secrets\secret.txt = secrets\secret.txt
	EndProjectSection
EndProject
Project("{2150E333-8FDC-42A3-9474-1A3956D46DE8}") = "Common", "Common", "{EA007C0E-E085-4F85-903B-087E954D0CA4}"
EndProject
Project("{FAE04EC0-301F-11D3-BF4B-00C04F79EFBC}") = "Elkhair.Common.Observability", "Common\Elkhair.Common.Observability\Elkhair.Common.Observability.csproj", "{E222CA10-E2B1-40BA-9F1C-067212D08F7B}"
EndProject
Project("{2150E333-8FDC-42A3-9474-1A3956D46DE8}") = "reverse-connector-api", "reverse-connector-api", "{A9B0D052-9CC4-44EE-803D-9D6DDE62F5EF}"
EndProject
Project("{FAE04EC0-301F-11D3-BF4B-00C04F79EFBC}") = "reverse-connector-api", "services\reverse-connector-api\reverse-connector-api.csproj", "{DC5D5B75-8316-4677-ADF6-EBF38C17363A}"
EndProject
Project("{2150E333-8FDC-42A3-9474-1A3956D46DE8}") = "ADRs", "ADRs", "{97769D49-12AC-486F-88DC-4E25F78EB71B}"
	ProjectSection(SolutionItems) = preProject
		docs\ADRs\ADR-001-Architecture-Showcase-Scope.md = docs\ADRs\ADR-001-Architecture-Showcase-Scope.md
		docs\ADRs\ADR-002-Dapr-Usage-Boundaries.md = docs\ADRs\ADR-002-Dapr-Usage-Boundaries.md
		docs\ADRs\ADR-003-Transactional-Outbox.md = docs\ADRs\ADR-003-Transactional-Outbox.md
		docs\ADRs\ADR-004-Observability-First.md = docs\ADRs\ADR-004-Observability-First.md
		docs\ADRs\ADR-005-CQRS-and-Decorator-Pipeline.md = docs\ADRs\ADR-005-CQRS-and-Decorator-Pipeline.md
		docs\ADRs\ADR-006-RabbitMQ-vs-Azure-Service-Bus.md = docs\ADRs\ADR-006-RabbitMQ-vs-Azure-Service-Bus.md
		docs\ADRs\ADR-007-Trace-Context-Propagation.md = docs\ADRs\ADR-007-Trace-Context-Propagation.md
		docs\ADRs\ADR-008-YARP-Gateway-Direct-Proxy.md = docs\ADRs\ADR-008-YARP-Gateway-Direct-Proxy.md
		docs\ADRs\ADR-009-AI-Service-Multi-Provider-Function-Calling.md = docs\ADRs\ADR-009-AI-Service-Multi-Provider-Function-Calling.md
		docs\ADRs\ADR-010-Real-Time-AI-Notifications-SignalR.md = docs\ADRs\ADR-010-Real-Time-AI-Notifications-SignalR.md
		docs\ADRs\ADR-011-Strangler-Fig-Connector-API-Provisioning-Sagas.md = docs\ADRs\ADR-011-Strangler-Fig-Connector-API-Provisioning-Sagas.md
	EndProjectSection
EndProject
Project("{2150E333-8FDC-42A3-9474-1A3956D46DE8}") = "Images", "Images", "{5206DCD5-98FA-4BD9-BF78-26DBDCA37EF0}"
EndProject
Project("{2150E333-8FDC-42A3-9474-1A3956D46DE8}") = "Strangler Fig", "Strangler Fig", "{CE90738C-FC59-4E52-887F-12F3B46FC2D4}"
	ProjectSection(SolutionItems) = preProject
		docs\Images\Strangler Fig\strangler-fig-centralized-logs-elastic.png = docs\Images\Strangler Fig\strangler-fig-centralized-logs-elastic.png
		docs\Images\Strangler Fig\strangler-fig-saga-log-sequence.png = docs\Images\Strangler Fig\strangler-fig-saga-log-sequence.png
		docs\Images\Strangler Fig\strangler-fig-stage-1-monolith-primary.png = docs\Images\Strangler Fig\strangler-fig-stage-1-monolith-primary.png
		docs\Images\Strangler Fig\strangler-fig-stage-2-connector-introduced.png = docs\Images\Strangler Fig\strangler-fig-stage-2-connector-introduced.png
		docs\Images\Strangler Fig\strangler-fig-stage-3-service-extraction.png = docs\Images\Strangler Fig\strangler-fig-stage-3-service-extraction.png
		docs\Images\Strangler Fig\strangler-fig-stage-4-monolith-deprecated-paths.png = docs\Images\Strangler Fig\strangler-fig-stage-4-monolith-deprecated-paths.png
	EndProjectSection
EndProject
Project("{2150E333-8FDC-42A3-9474-1A3956D46DE8}") = "Observability", "Observability", "{85437C52-90D1-46A3-B1F8-13B01E100B24}"
	ProjectSection(SolutionItems) = preProject
		docs\Images\Observability\async-saga-and-pubsub-visibility.png = docs\Images\Observability\async-saga-and-pubsub-visibility.png
		docs\Images\Observability\distributed-trace-end-to-end-jaeger.png = docs\Images\Observability\distributed-trace-end-to-end-jaeger.png
		docs\Images\Observability\grafana-find-by-trace-id.png = docs\Images\Observability\grafana-find-by-trace-id.png
		docs\Images\Observability\jaeger-end-to-end-trace.png = docs\Images\Observability\jaeger-end-to-end-trace.png
		docs\Images\Observability\logs-trace-correlation-grafana.png = docs\Images\Observability\logs-trace-correlation-grafana.png
		docs\Images\Observability\trace-id-propagation-browser-to-backend.png = docs\Images\Observability\trace-id-propagation-browser-to-backend.png
		docs\Images\Observability\ui-browser-trace-id-header.png = docs\Images\Observability\ui-browser-trace-id-header.png
	EndProjectSection
EndProject
Project("{2150E333-8FDC-42A3-9474-1A3956D46DE8}") = "Http", "Http", "{EDDEDB77-8AA5-4CFA-A3EA-6C4F02BFF36A}"
	ProjectSection(SolutionItems) = preProject
		docs\Images\Http\http-response-trace-id-header.png = docs\Images\Http\http-response-trace-id-header.png
	EndProjectSection
EndProject
Project("{2150E333-8FDC-42A3-9474-1A3956D46DE8}") = "Healthchecks", "Healthchecks", "{6D1DF1C6-414E-4FA1-8A43-96E1AC67B1AC}"
	ProjectSection(SolutionItems) = preProject
		docs\Images\healthchecks\dapr-application-runtime-summary.png = docs\Images\healthchecks\dapr-application-runtime-summary.png
		docs\Images\healthchecks\dapr-applications-overview.png = docs\Images\healthchecks\dapr-applications-overview.png
		docs\Images\healthchecks\dapr-components-status.png = docs\Images\healthchecks\dapr-components-status.png
		docs\Images\healthchecks\dapr-pubsub-subscriptions.png = docs\Images\healthchecks\dapr-pubsub-subscriptions.png
		docs\Images\healthchecks\healthchecks-monolith-dependencies.png = docs\Images\healthchecks\healthchecks-monolith-dependencies.png
		docs\Images\healthchecks\rabbitmq-queues-and-dlq.png = docs\Images\healthchecks\rabbitmq-queues-and-dlq.png
		docs\Images\healthchecks\redis-config-and-feature-flags.png = docs\Images\healthchecks\redis-config-and-feature-flags.png
	EndProjectSection
EndProject
Project("{2150E333-8FDC-42A3-9474-1A3956D46DE8}") = "medium", "medium", "{72BB44CB-1474-4AC7-9661-6A0668A8D17A}"
	ProjectSection(SolutionItems) = preProject
		docs\medium\01-building-a-production-grade-system-in-public.md = docs\medium\01-building-a-production-grade-system-in-public.md
		docs\medium\02_Infrastructure_as_a_First_Class_System.md = docs\medium\02_Infrastructure_as_a_First_Class_System.md
	EndProjectSection
EndProject
Project("{2150E333-8FDC-42A3-9474-1A3956D46DE8}") = "ai-service.v2", "ai-service.v2", "{D1513088-2D81-4516-A90E-0CC565FE9D97}"
EndProject
Project("{2150E333-8FDC-42A3-9474-1A3956D46DE8}") = "Src", "Src", "{BD6CB790-4075-4870-AA88-8209819A1704}"
EndProject
Project("{2150E333-8FDC-42A3-9474-1A3956D46DE8}") = "Presentation", "Presentation", "{BF88B5C8-F307-4228-90D1-F1AB5E2D896B}"
EndProject
Project("{2150E333-8FDC-42A3-9474-1A3956D46DE8}") = "Core", "Core", "{3BA36FE4-A23C-478C-8EF0-B47D09803D6C}"
EndProject
Project("{2150E333-8FDC-42A3-9474-1A3956D46DE8}") = "Infrastructure", "Infrastructure", "{643D81E9-C0AD-41ED-88C6-3971436A27D5}"
EndProject
Project("{FAE04EC0-301F-11D3-BF4B-00C04F79EFBC}") = "JobBoard.AI.Domain", "services\ai-service.v2\Src\Core\JobBoard.AI.Domain\JobBoard.AI.Domain.csproj", "{FC654DA7-749C-4FB6-8431-A8050A9A8563}"
EndProject
Project("{FAE04EC0-301F-11D3-BF4B-00C04F79EFBC}") = "JobBoard.AI.Application", "services\ai-service.v2\Src\Core\JobBoard.AI.Application\JobBoard.AI.Application.csproj", "{97803E0B-73E7-4280-AB7D-D12DF59667AD}"
EndProject
Project("{FAE04EC0-301F-11D3-BF4B-00C04F79EFBC}") = "JobBoard.AI.Infrastructure.Persistence", "services\ai-service.v2\Src\Infrastructure\JobBoard.AI.Infrastructure.Persistence\JobBoard.AI.Infrastructure.Persistence.csproj", "{71AC470A-A455-4445-AF93-3E098018EAEB}"
EndProject
Project("{FAE04EC0-301F-11D3-BF4B-00C04F79EFBC}") = "JobBoard.AI.Infrastructure.Configuration", "services\ai-service.v2\Src\Infrastructure\JobBoard.AI.Infrastructure.Configuration\JobBoard.AI.Infrastructure.Configuration.csproj", "{D64AF132-AA17-4D81-A97A-2D3BB74FBFF5}"
EndProject
Project("{FAE04EC0-301F-11D3-BF4B-00C04F79EFBC}") = "JobBoard.AI.API", "services\ai-service.v2\Src\Presentation\JobBoard.AI.API\JobBoard.AI.API.csproj", "{3EEE3CD1-11C7-407F-BCCD-F8B577A3DD83}"
EndProject
Project("{FAE04EC0-301F-11D3-BF4B-00C04F79EFBC}") = "JobBoard.AI.Infrastructure.Dapr", "services\ai-service.v2\Src\Infrastructure\JobBoard.AI.Infrastructure.Dapr\JobBoard.AI.Infrastructure.Dapr.csproj", "{174B20B4-E0E2-4EAD-A91C-B07EFB9D1F87}"
EndProject
Project("{FAE04EC0-301F-11D3-BF4B-00C04F79EFBC}") = "JobBoard.AI.Infrastructure.Diagnostics", "services\ai-service.v2\Src\Infrastructure\JobBoard.AI.Infrastructure.Diagnostics\JobBoard.AI.Infrastructure.Diagnostics.csproj", "{E81F17F9-408B-4A45-9A36-11443F44DF73}"
EndProject
Project("{FAE04EC0-301F-11D3-BF4B-00C04F79EFBC}") = "JobBoard.AI.Infrastructure.AI", "services\ai-service.v2\Src\Infrastructure\JobBoard.AI.Infrastructure.AI\JobBoard.AI.Infrastructure.AI.csproj", "{3A64A767-61EC-42D8-8055-3BC76AF446BD}"
EndProject
Project("{FAE04EC0-301F-11D3-BF4B-00C04F79EFBC}") = "JobBoard.Contracts", "services\monolith\Src\Core\JobBoard.Contracts\JobBoard.Contracts.csproj", "{6587ED0D-4DF7-493C-AEF4-1D7ADAF35933}"
EndProject
Project("{2150E333-8FDC-42A3-9474-1A3956D46DE8}") = "gateway", "gateway", "{13C13C26-632A-4BF0-A4B8-8A739D2AC73B}"
EndProject
Project("{FAE04EC0-301F-11D3-BF4B-00C04F79EFBC}") = "Gateway.Api", "services\gateway\Gateway.Api.csproj", "{D21EA66F-9D34-46F0-883F-1DC0CA286D03}"
EndProject
Project("{2150E333-8FDC-42A3-9474-1A3956D46DE8}") = "Tests", "Tests", "{5AD6106A-5E8C-4328-AF99-BDDAD9ABF608}"
EndProject
Project("{FAE04EC0-301F-11D3-BF4B-00C04F79EFBC}") = "JobBoard.Monolith.Tests", "services\monolith\Tests\JobBoard.Monolith.Tests\JobBoard.Monolith.Tests.csproj", "{A6D5F20C-842E-4229-A99F-06EC2B286183}"
EndProject
Project("{FAE04EC0-301F-11D3-BF4B-00C04F79EFBC}") = "connector-api.tests", "services\connector-api.tests\connector-api.tests.csproj", "{17881808-7925-42BF-A455-4428F26F0D62}"
EndProject
Project("{FAE04EC0-301F-11D3-BF4B-00C04F79EFBC}") = "JobBoard.Infrastructure.BlobStorage", "services\monolith\Src\Infrastructure\JobBoard.Infrastructure.BlobStorage\JobBoard.Infrastructure.BlobStorage.csproj", "{23F13913-0615-4AA5-8152-DF2CB8B3D1E8}"
EndProject
Project("{2150E333-8FDC-42A3-9474-1A3956D46DE8}") = "EnvironmentDapr", "EnvironmentDapr", "{3EE420E4-05A9-456F-9787-21559F789011}"
	ProjectSection(SolutionItems) = preProject
		EnvironmentDapr\Prod\gateway\Components\Secrets\.yaml = EnvironmentDapr\Prod\gateway\Components\Secrets\.yaml
		EnvironmentDapr\Prod\user-api\Components\Timers\binding-auth0token.yaml = EnvironmentDapr\Prod\user-api\Components\Timers\binding-auth0token.yaml
		EnvironmentDapr\Prod\_all\binding-auth0token.yaml = EnvironmentDapr\Prod\_all\binding-auth0token.yaml
		EnvironmentDapr\Prod\monolith-api\Components\Timers\binding-outbox-processor.yaml = EnvironmentDapr\Prod\monolith-api\Components\Timers\binding-outbox-processor.yaml
		EnvironmentDapr\Prod\shared\Components\config.redis.yaml = EnvironmentDapr\Prod\shared\Components\config.redis.yaml
		EnvironmentDapr\Prod\admin-api\Components\Secrets\config.yaml = EnvironmentDapr\Prod\admin-api\Components\Secrets\config.yaml
		EnvironmentDapr\Prod\admin-api\Config\config.yaml = EnvironmentDapr\Prod\admin-api\Config\config.yaml
		EnvironmentDapr\Prod\ai-service-v2\Components\Secrets\config.yaml = EnvironmentDapr\Prod\ai-service-v2\Components\Secrets\config.yaml
		EnvironmentDapr\Prod\ai-service-v2\Config\config.yaml = EnvironmentDapr\Prod\ai-service-v2\Config\config.yaml
		EnvironmentDapr\Prod\company-api\Components\Secrets\config.yaml = EnvironmentDapr\Prod\company-api\Components\Secrets\config.yaml
		EnvironmentDapr\Prod\company-api\Config\config.yaml = EnvironmentDapr\Prod\company-api\Config\config.yaml
		EnvironmentDapr\Prod\connector-api\Components\Secrets\config.yaml = EnvironmentDapr\Prod\connector-api\Components\Secrets\config.yaml
		EnvironmentDapr\Prod\connector-api\Config\config.yaml = EnvironmentDapr\Prod\connector-api\Config\config.yaml
		EnvironmentDapr\Prod\gateway\Components\Secrets\config.yaml = EnvironmentDapr\Prod\gateway\Components\Secrets\config.yaml
		EnvironmentDapr\Prod\gateway\Config\config.yaml = EnvironmentDapr\Prod\gateway\Config\config.yaml
		EnvironmentDapr\Prod\job-ai\Components\Secrets\config.yaml = EnvironmentDapr\Prod\job-ai\Components\Secrets\config.yaml
		EnvironmentDapr\Prod\job-ai\Config\config.yaml = EnvironmentDapr\Prod\job-ai\Config\config.yaml
		EnvironmentDapr\Prod\job-api\Components\Secrets\config.yaml = EnvironmentDapr\Prod\job-api\Components\Secrets\config.yaml
		EnvironmentDapr\Prod\job-api\Config\config.yaml = EnvironmentDapr\Prod\job-api\Config\config.yaml
		EnvironmentDapr\Prod\monolith-api\Components\Secrets\config.yaml = EnvironmentDapr\Prod\monolith-api\Components\Secrets\config.yaml
		EnvironmentDapr\Prod\monolith-api\Config\config.yaml = EnvironmentDapr\Prod\monolith-api\Config\config.yaml
		EnvironmentDapr\Prod\shared\Config\config.yaml = EnvironmentDapr\Prod\shared\Config\config.yaml
		EnvironmentDapr\Prod\user-api\Components\Secrets\config.yaml = EnvironmentDapr\Prod\user-api\Components\Secrets\config.yaml
		EnvironmentDapr\Prod\user-api\Config\config.yaml = EnvironmentDapr\Prod\user-api\Config\config.yaml
		EnvironmentDapr\Prod\shared\Components\jaeger.yaml = EnvironmentDapr\Prod\shared\Components\jaeger.yaml
		EnvironmentDapr\Prod\_all\jaeger.yaml = EnvironmentDapr\Prod\_all\jaeger.yaml
		EnvironmentDapr\Prod\job-ai\Components\job-published-subscription.yaml = EnvironmentDapr\Prod\job-ai\Components\job-published-subscription.yaml
		EnvironmentDapr\Prod\admin-api\Components\Secrets\oauth2.yaml = EnvironmentDapr\Prod\admin-api\Components\Secrets\oauth2.yaml
		EnvironmentDapr\Prod\ai-service-v2\Components\Secrets\oauth2.yaml = EnvironmentDapr\Prod\ai-service-v2\Components\Secrets\oauth2.yaml
		EnvironmentDapr\Prod\company-api\Components\Secrets\oauth2.yaml = EnvironmentDapr\Prod\company-api\Components\Secrets\oauth2.yaml
		EnvironmentDapr\Prod\connector-api\Components\Secrets\oauth2.yaml = EnvironmentDapr\Prod\connector-api\Components\Secrets\oauth2.yaml
		EnvironmentDapr\Prod\job-ai\Components\oauth2.yaml = EnvironmentDapr\Prod\job-ai\Components\oauth2.yaml
		EnvironmentDapr\Prod\job-api\Components\Secrets\oauth2.yaml = EnvironmentDapr\Prod\job-api\Components\Secrets\oauth2.yaml
		EnvironmentDapr\Prod\monolith-api\Components\Secrets\oauth2.yaml = EnvironmentDapr\Prod\monolith-api\Components\Secrets\oauth2.yaml
		EnvironmentDapr\Prod\user-api\Components\Secrets\oauth2.yaml = EnvironmentDapr\Prod\user-api\Components\Secrets\oauth2.yaml
		EnvironmentDapr\Prod\_all\oauth2.yaml = EnvironmentDapr\Prod\_all\oauth2.yaml
		EnvironmentDapr\Prod\shared\Components\rabbitmq.yaml = EnvironmentDapr\Prod\shared\Components\rabbitmq.yaml
		EnvironmentDapr\Prod\_all\rabbitmq.yaml = EnvironmentDapr\Prod\_all\rabbitmq.yaml
		EnvironmentDapr\Prod\admin-api\secret.txt = EnvironmentDapr\Prod\admin-api\secret.txt
		EnvironmentDapr\Prod\ai-service-v2\secret.txt = EnvironmentDapr\Prod\ai-service-v2\secret.txt
		EnvironmentDapr\Prod\company-api\secret.txt = EnvironmentDapr\Prod\company-api\secret.txt
		EnvironmentDapr\Prod\connector-api\secret.txt = EnvironmentDapr\Prod\connector-api\secret.txt
		EnvironmentDapr\Prod\gateway\secret.txt = EnvironmentDapr\Prod\gateway\secret.txt
		EnvironmentDapr\Prod\job-ai\secret.txt = EnvironmentDapr\Prod\job-ai\secret.txt
		EnvironmentDapr\Prod\job-api\secret.txt = EnvironmentDapr\Prod\job-api\secret.txt
		EnvironmentDapr\Prod\monolith-api\secret.txt = EnvironmentDapr\Prod\monolith-api\secret.txt
		EnvironmentDapr\Prod\user-api\secret.txt = EnvironmentDapr\Prod\user-api\secret.txt
		EnvironmentDapr\Prod\admin-api\Components\Secrets\secret.yaml = EnvironmentDapr\Prod\admin-api\Components\Secrets\secret.yaml
		EnvironmentDapr\Prod\ai-service-v2\Components\Secrets\secret.yaml = EnvironmentDapr\Prod\ai-service-v2\Components\Secrets\secret.yaml
		EnvironmentDapr\Prod\company-api\Components\Secrets\secret.yaml = EnvironmentDapr\Prod\company-api\Components\Secrets\secret.yaml
		EnvironmentDapr\Prod\connector-api\Components\Secrets\secret.yaml = EnvironmentDapr\Prod\connector-api\Components\Secrets\secret.yaml
		EnvironmentDapr\Prod\gateway\Components\Secrets\secret.yaml = EnvironmentDapr\Prod\gateway\Components\Secrets\secret.yaml
		EnvironmentDapr\Prod\job-ai\Components\Secrets\secret.yaml = EnvironmentDapr\Prod\job-ai\Components\Secrets\secret.yaml
		EnvironmentDapr\Prod\job-api\Components\Secrets\secret.yaml = EnvironmentDapr\Prod\job-api\Components\Secrets\secret.yaml
		EnvironmentDapr\Prod\monolith-api\Components\Secrets\secret.yaml = EnvironmentDapr\Prod\monolith-api\Components\Secrets\secret.yaml
		EnvironmentDapr\Prod\user-api\Components\Secrets\secret.yaml = EnvironmentDapr\Prod\user-api\Components\Secrets\secret.yaml
		EnvironmentDapr\Prod\_all\secret.yaml = EnvironmentDapr\Prod\_all\secret.yaml
		EnvironmentDapr\Prod\shared\Components\statestore.yaml = EnvironmentDapr\Prod\shared\Components\statestore.yaml
		EnvironmentDapr\Prod\_all\statestore.yaml = EnvironmentDapr\Prod\_all\statestore.yaml
	EndProjectSection
EndProject
Project("{FAE04EC0-301F-11D3-BF4B-00C04F79EFBC}") = "JobBoard.Mcp.Common", "Common\JobBoard.Mcp.Common\JobBoard.Mcp.Common.csproj", "{236954D5-3A09-48EA-B3E6-B16BD5E7FF4A}"
EndProject
Project("{FAE04EC0-301F-11D3-BF4B-00C04F79EFBC}") = "AdminApi.Core", "services\micro-services\admin-api\AdminApi.Core\AdminApi.Core.csproj", "{E853F79F-F024-41E5-A64D-20356A300FFE}"
EndProject
Project("{FAE04EC0-301F-11D3-BF4B-00C04F79EFBC}") = "JobBoard.API.Mcp", "services\monolith\Src\Presentation\JobBoard.API.Mcp\JobBoard.API.Mcp.csproj", "{5B7E5A83-93DF-4F17-BAE7-26CAA8D07F93}"
EndProject
Project("{FAE04EC0-301F-11D3-BF4B-00C04F79EFBC}") = "AdminApi.Mcp", "services\micro-services\admin-api\AdminApi.Mcp\AdminApi.Mcp.csproj", "{C152307E-A364-4119-A79E-5CF8553C0A63}"
EndProject
Project("{FAE04EC0-301F-11D3-BF4B-00C04F79EFBC}") = "reverse-connector-api.tests", "services\reverse-connector-api.tests\reverse-connector-api.tests.csproj", "{D78E065F-CB1F-4BB4-A259-B85E1BA5161E}"
EndProject
Project("{2150E333-8FDC-42A3-9474-1A3956D46DE8}") = "Aspire", "Aspire", "{64880D93-BAB4-FF83-898C-B934B68C31A9}"
EndProject
Project("{FAE04EC0-301F-11D3-BF4B-00C04F79EFBC}") = "JobBoard.AppHost", "aspire\JobBoard.AppHost\JobBoard.AppHost.csproj", "{A577549C-D9E3-4B90-9BE4-D99E643D7CEA}"
EndProject
Global
	GlobalSection(SolutionConfigurationPlatforms) = preSolution
		Debug|Any CPU = Debug|Any CPU
		Debug|x64 = Debug|x64
		Debug|x86 = Debug|x86
		Release|Any CPU = Release|Any CPU
		Release|x64 = Release|x64
		Release|x86 = Release|x86
	EndGlobalSection
	GlobalSection(ProjectConfigurationPlatforms) = postSolution
		{FEB5E1E6-3211-489F-B08E-64BD4B6C3825}.Debug|Any CPU.ActiveCfg = Debug|Any CPU
		{FEB5E1E6-3211-489F-B08E-64BD4B6C3825}.Debug|Any CPU.Build.0 = Debug|Any CPU
		{FEB5E1E6-3211-489F-B08E-64BD4B6C3825}.Debug|x64.ActiveCfg = Debug|Any CPU
		{FEB5E1E6-3211-489F-B08E-64BD4B6C3825}.Debug|x64.Build.0 = Debug|Any CPU
		{FEB5E1E6-3211-489F-B08E-64BD4B6C3825}.Debug|x86.ActiveCfg = Debug|Any CPU
		{FEB5E1E6-3211-489F-B08E-64BD4B6C3825}.Debug|x86.Build.0 = Debug|Any CPU
		{FEB5E1E6-3211-489F-B08E-64BD4B6C3825}.Release|Any CPU.ActiveCfg = Release|Any CPU
		{FEB5E1E6-3211-489F-B08E-64BD4B6C3825}.Release|Any CPU.Build.0 = Release|Any CPU
		{FEB5E1E6-3211-489F-B08E-64BD4B6C3825}.Release|x64.ActiveCfg = Release|Any CPU
		{FEB5E1E6-3211-489F-B08E-64BD4B6C3825}.Release|x64.Build.0 = Release|Any CPU
		{FEB5E1E6-3211-489F-B08E-64BD4B6C3825}.Release|x86.ActiveCfg = Release|Any CPU
		{FEB5E1E6-3211-489F-B08E-64BD4B6C3825}.Release|x86.Build.0 = Release|Any CPU
		{EC73AD0D-E9E0-4232-A67A-1094E1E3C09C}.Debug|Any CPU.ActiveCfg = Debug|Any CPU
		{EC73AD0D-E9E0-4232-A67A-1094E1E3C09C}.Debug|Any CPU.Build.0 = Debug|Any CPU
		{EC73AD0D-E9E0-4232-A67A-1094E1E3C09C}.Debug|x64.ActiveCfg = Debug|Any CPU
		{EC73AD0D-E9E0-4232-A67A-1094E1E3C09C}.Debug|x64.Build.0 = Debug|Any CPU
		{EC73AD0D-E9E0-4232-A67A-1094E1E3C09C}.Debug|x86.ActiveCfg = Debug|Any CPU
		{EC73AD0D-E9E0-4232-A67A-1094E1E3C09C}.Debug|x86.Build.0 = Debug|Any CPU
		{EC73AD0D-E9E0-4232-A67A-1094E1E3C09C}.Release|Any CPU.ActiveCfg = Release|Any CPU
		{EC73AD0D-E9E0-4232-A67A-1094E1E3C09C}.Release|Any CPU.Build.0 = Release|Any CPU
		{EC73AD0D-E9E0-4232-A67A-1094E1E3C09C}.Release|x64.ActiveCfg = Release|Any CPU
		{EC73AD0D-E9E0-4232-A67A-1094E1E3C09C}.Release|x64.Build.0 = Release|Any CPU
		{EC73AD0D-E9E0-4232-A67A-1094E1E3C09C}.Release|x86.ActiveCfg = Release|Any CPU
		{EC73AD0D-E9E0-4232-A67A-1094E1E3C09C}.Release|x86.Build.0 = Release|Any CPU
		{F4901292-135E-4E36-93E7-C02762BA6116}.Debug|Any CPU.ActiveCfg = Debug|Any CPU
		{F4901292-135E-4E36-93E7-C02762BA6116}.Debug|Any CPU.Build.0 = Debug|Any CPU
		{F4901292-135E-4E36-93E7-C02762BA6116}.Debug|x64.ActiveCfg = Debug|Any CPU
		{F4901292-135E-4E36-93E7-C02762BA6116}.Debug|x64.Build.0 = Debug|Any CPU
		{F4901292-135E-4E36-93E7-C02762BA6116}.Debug|x86.ActiveCfg = Debug|Any CPU
		{F4901292-135E-4E36-93E7-C02762BA6116}.Debug|x86.Build.0 = Debug|Any CPU
		{F4901292-135E-4E36-93E7-C02762BA6116}.Release|Any CPU.ActiveCfg = Release|Any CPU
		{F4901292-135E-4E36-93E7-C02762BA6116}.Release|Any CPU.Build.0 = Release|Any CPU
		{F4901292-135E-4E36-93E7-C02762BA6116}.Release|x64.ActiveCfg = Release|Any CPU
		{F4901292-135E-4E36-93E7-C02762BA6116}.Release|x64.Build.0 = Release|Any CPU
		{F4901292-135E-4E36-93E7-C02762BA6116}.Release|x86.ActiveCfg = Release|Any CPU
		{F4901292-135E-4E36-93E7-C02762BA6116}.Release|x86.Build.0 = Release|Any CPU
		{391F1325-33CC-4414-B0C5-05395FF006F2}.Debug|Any CPU.ActiveCfg = Debug|Any CPU
		{391F1325-33CC-4414-B0C5-05395FF006F2}.Debug|Any CPU.Build.0 = Debug|Any CPU
		{391F1325-33CC-4414-B0C5-05395FF006F2}.Debug|x64.ActiveCfg = Debug|Any CPU
		{391F1325-33CC-4414-B0C5-05395FF006F2}.Debug|x64.Build.0 = Debug|Any CPU
		{391F1325-33CC-4414-B0C5-05395FF006F2}.Debug|x86.ActiveCfg = Debug|Any CPU
		{391F1325-33CC-4414-B0C5-05395FF006F2}.Debug|x86.Build.0 = Debug|Any CPU
		{391F1325-33CC-4414-B0C5-05395FF006F2}.Release|Any CPU.ActiveCfg = Release|Any CPU
		{391F1325-33CC-4414-B0C5-05395FF006F2}.Release|Any CPU.Build.0 = Release|Any CPU
		{391F1325-33CC-4414-B0C5-05395FF006F2}.Release|x64.ActiveCfg = Release|Any CPU
		{391F1325-33CC-4414-B0C5-05395FF006F2}.Release|x64.Build.0 = Release|Any CPU
		{391F1325-33CC-4414-B0C5-05395FF006F2}.Release|x86.ActiveCfg = Release|Any CPU
		{391F1325-33CC-4414-B0C5-05395FF006F2}.Release|x86.Build.0 = Release|Any CPU
		{DA8D976B-3C28-4ECB-923A-59167EE25ABE}.Debug|Any CPU.ActiveCfg = Debug|Any CPU
		{DA8D976B-3C28-4ECB-923A-59167EE25ABE}.Debug|Any CPU.Build.0 = Debug|Any CPU
		{DA8D976B-3C28-4ECB-923A-59167EE25ABE}.Debug|x64.ActiveCfg = Debug|Any CPU
		{DA8D976B-3C28-4ECB-923A-59167EE25ABE}.Debug|x64.Build.0 = Debug|Any CPU
		{DA8D976B-3C28-4ECB-923A-59167EE25ABE}.Debug|x86.ActiveCfg = Debug|Any CPU
		{DA8D976B-3C28-4ECB-923A-59167EE25ABE}.Debug|x86.Build.0 = Debug|Any CPU
		{DA8D976B-3C28-4ECB-923A-59167EE25ABE}.Release|Any CPU.ActiveCfg = Release|Any CPU
		{DA8D976B-3C28-4ECB-923A-59167EE25ABE}.Release|Any CPU.Build.0 = Release|Any CPU
		{DA8D976B-3C28-4ECB-923A-59167EE25ABE}.Release|x64.ActiveCfg = Release|Any CPU
		{DA8D976B-3C28-4ECB-923A-59167EE25ABE}.Release|x64.Build.0 = Release|Any CPU
		{DA8D976B-3C28-4ECB-923A-59167EE25ABE}.Release|x86.ActiveCfg = Release|Any CPU
		{DA8D976B-3C28-4ECB-923A-59167EE25ABE}.Release|x86.Build.0 = Release|Any CPU
		{B76718D9-1F9C-462A-B980-F48282456504}.Debug|Any CPU.ActiveCfg = Debug|Any CPU
		{B76718D9-1F9C-462A-B980-F48282456504}.Debug|Any CPU.Build.0 = Debug|Any CPU
		{B76718D9-1F9C-462A-B980-F48282456504}.Debug|x64.ActiveCfg = Debug|Any CPU
		{B76718D9-1F9C-462A-B980-F48282456504}.Debug|x64.Build.0 = Debug|Any CPU
		{B76718D9-1F9C-462A-B980-F48282456504}.Debug|x86.ActiveCfg = Debug|Any CPU
		{B76718D9-1F9C-462A-B980-F48282456504}.Debug|x86.Build.0 = Debug|Any CPU
		{B76718D9-1F9C-462A-B980-F48282456504}.Release|Any CPU.ActiveCfg = Release|Any CPU
		{B76718D9-1F9C-462A-B980-F48282456504}.Release|Any CPU.Build.0 = Release|Any CPU
		{B76718D9-1F9C-462A-B980-F48282456504}.Release|x64.ActiveCfg = Release|Any CPU
		{B76718D9-1F9C-462A-B980-F48282456504}.Release|x64.Build.0 = Release|Any CPU
		{B76718D9-1F9C-462A-B980-F48282456504}.Release|x86.ActiveCfg = Release|Any CPU
		{B76718D9-1F9C-462A-B980-F48282456504}.Release|x86.Build.0 = Release|Any CPU
		{5ED52D07-9BB8-4EF4-9DF1-53D19A8A5FDB}.Debug|Any CPU.ActiveCfg = Debug|Any CPU
		{5ED52D07-9BB8-4EF4-9DF1-53D19A8A5FDB}.Debug|Any CPU.Build.0 = Debug|Any CPU
		{5ED52D07-9BB8-4EF4-9DF1-53D19A8A5FDB}.Debug|x64.ActiveCfg = Debug|Any CPU
		{5ED52D07-9BB8-4EF4-9DF1-53D19A8A5FDB}.Debug|x64.Build.0 = Debug|Any CPU
		{5ED52D07-9BB8-4EF4-9DF1-53D19A8A5FDB}.Debug|x86.ActiveCfg = Debug|Any CPU
		{5ED52D07-9BB8-4EF4-9DF1-53D19A8A5FDB}.Debug|x86.Build.0 = Debug|Any CPU
		{5ED52D07-9BB8-4EF4-9DF1-53D19A8A5FDB}.Release|Any CPU.ActiveCfg = Release|Any CPU
		{5ED52D07-9BB8-4EF4-9DF1-53D19A8A5FDB}.Release|Any CPU.Build.0 = Release|Any CPU
		{5ED52D07-9BB8-4EF4-9DF1-53D19A8A5FDB}.Release|x64.ActiveCfg = Release|Any CPU
		{5ED52D07-9BB8-4EF4-9DF1-53D19A8A5FDB}.Release|x64.Build.0 = Release|Any CPU
		{5ED52D07-9BB8-4EF4-9DF1-53D19A8A5FDB}.Release|x86.ActiveCfg = Release|Any CPU
		{5ED52D07-9BB8-4EF4-9DF1-53D19A8A5FDB}.Release|x86.Build.0 = Release|Any CPU
		{26C25DD2-F218-4209-9EA3-DEF2D029048C}.Debug|Any CPU.ActiveCfg = Debug|Any CPU
		{26C25DD2-F218-4209-9EA3-DEF2D029048C}.Debug|Any CPU.Build.0 = Debug|Any CPU
		{26C25DD2-F218-4209-9EA3-DEF2D029048C}.Debug|x64.ActiveCfg = Debug|Any CPU
		{26C25DD2-F218-4209-9EA3-DEF2D029048C}.Debug|x64.Build.0 = Debug|Any CPU
		{26C25DD2-F218-4209-9EA3-DEF2D029048C}.Debug|x86.ActiveCfg = Debug|Any CPU
		{26C25DD2-F218-4209-9EA3-DEF2D029048C}.Debug|x86.Build.0 = Debug|Any CPU
		{26C25DD2-F218-4209-9EA3-DEF2D029048C}.Release|Any CPU.ActiveCfg = Release|Any CPU
		{26C25DD2-F218-4209-9EA3-DEF2D029048C}.Release|Any CPU.Build.0 = Release|Any CPU
		{26C25DD2-F218-4209-9EA3-DEF2D029048C}.Release|x64.ActiveCfg = Release|Any CPU
		{26C25DD2-F218-4209-9EA3-DEF2D029048C}.Release|x64.Build.0 = Release|Any CPU
		{26C25DD2-F218-4209-9EA3-DEF2D029048C}.Release|x86.ActiveCfg = Release|Any CPU
		{26C25DD2-F218-4209-9EA3-DEF2D029048C}.Release|x86.Build.0 = Release|Any CPU
		{A13EA2EF-14FC-4CB1-BFCE-608B1728B788}.Debug|Any CPU.ActiveCfg = Debug|Any CPU
		{A13EA2EF-14FC-4CB1-BFCE-608B1728B788}.Debug|Any CPU.Build.0 = Debug|Any CPU
		{A13EA2EF-14FC-4CB1-BFCE-608B1728B788}.Debug|x64.ActiveCfg = Debug|Any CPU
		{A13EA2EF-14FC-4CB1-BFCE-608B1728B788}.Debug|x64.Build.0 = Debug|Any CPU
		{A13EA2EF-14FC-4CB1-BFCE-608B1728B788}.Debug|x86.ActiveCfg = Debug|Any CPU
		{A13EA2EF-14FC-4CB1-BFCE-608B1728B788}.Debug|x86.Build.0 = Debug|Any CPU
		{A13EA2EF-14FC-4CB1-BFCE-608B1728B788}.Release|Any CPU.ActiveCfg = Release|Any CPU
		{A13EA2EF-14FC-4CB1-BFCE-608B1728B788}.Release|Any CPU.Build.0 = Release|Any CPU
		{A13EA2EF-14FC-4CB1-BFCE-608B1728B788}.Release|x64.ActiveCfg = Release|Any CPU
		{A13EA2EF-14FC-4CB1-BFCE-608B1728B788}.Release|x64.Build.0 = Release|Any CPU
		{A13EA2EF-14FC-4CB1-BFCE-608B1728B788}.Release|x86.ActiveCfg = Release|Any CPU
		{A13EA2EF-14FC-4CB1-BFCE-608B1728B788}.Release|x86.Build.0 = Release|Any CPU
		{1264D55B-686A-4113-B882-B5B8A12F5D39}.Debug|Any CPU.ActiveCfg = Debug|Any CPU
		{1264D55B-686A-4113-B882-B5B8A12F5D39}.Debug|Any CPU.Build.0 = Debug|Any CPU
		{1264D55B-686A-4113-B882-B5B8A12F5D39}.Debug|x64.ActiveCfg = Debug|Any CPU
		{1264D55B-686A-4113-B882-B5B8A12F5D39}.Debug|x64.Build.0 = Debug|Any CPU
		{1264D55B-686A-4113-B882-B5B8A12F5D39}.Debug|x86.ActiveCfg = Debug|Any CPU
		{1264D55B-686A-4113-B882-B5B8A12F5D39}.Debug|x86.Build.0 = Debug|Any CPU
		{1264D55B-686A-4113-B882-B5B8A12F5D39}.Release|Any CPU.ActiveCfg = Release|Any CPU
		{1264D55B-686A-4113-B882-B5B8A12F5D39}.Release|Any CPU.Build.0 = Release|Any CPU
		{1264D55B-686A-4113-B882-B5B8A12F5D39}.Release|x64.ActiveCfg = Release|Any CPU
		{1264D55B-686A-4113-B882-B5B8A12F5D39}.Release|x64.Build.0 = Release|Any CPU
		{1264D55B-686A-4113-B882-B5B8A12F5D39}.Release|x86.ActiveCfg = Release|Any CPU
		{1264D55B-686A-4113-B882-B5B8A12F5D39}.Release|x86.Build.0 = Release|Any CPU
		{338B7BFE-C80F-43F0-9A98-AD8477C75B8D}.Debug|Any CPU.ActiveCfg = Debug|Any CPU
		{338B7BFE-C80F-43F0-9A98-AD8477C75B8D}.Debug|Any CPU.Build.0 = Debug|Any CPU
		{338B7BFE-C80F-43F0-9A98-AD8477C75B8D}.Debug|x64.ActiveCfg = Debug|Any CPU
		{338B7BFE-C80F-43F0-9A98-AD8477C75B8D}.Debug|x64.Build.0 = Debug|Any CPU
		{338B7BFE-C80F-43F0-9A98-AD8477C75B8D}.Debug|x86.ActiveCfg = Debug|Any CPU
		{338B7BFE-C80F-43F0-9A98-AD8477C75B8D}.Debug|x86.Build.0 = Debug|Any CPU
		{338B7BFE-C80F-43F0-9A98-AD8477C75B8D}.Release|Any CPU.ActiveCfg = Release|Any CPU
		{338B7BFE-C80F-43F0-9A98-AD8477C75B8D}.Release|Any CPU.Build.0 = Release|Any CPU
		{338B7BFE-C80F-43F0-9A98-AD8477C75B8D}.Release|x64.ActiveCfg = Release|Any CPU
		{338B7BFE-C80F-43F0-9A98-AD8477C75B8D}.Release|x64.Build.0 = Release|Any CPU
		{338B7BFE-C80F-43F0-9A98-AD8477C75B8D}.Release|x86.ActiveCfg = Release|Any CPU
		{338B7BFE-C80F-43F0-9A98-AD8477C75B8D}.Release|x86.Build.0 = Release|Any CPU
		{DEE66F5E-D4A2-4352-B27C-8FDB8DF537D2}.Debug|Any CPU.ActiveCfg = Debug|Any CPU
		{DEE66F5E-D4A2-4352-B27C-8FDB8DF537D2}.Debug|Any CPU.Build.0 = Debug|Any CPU
		{DEE66F5E-D4A2-4352-B27C-8FDB8DF537D2}.Debug|x64.ActiveCfg = Debug|Any CPU
		{DEE66F5E-D4A2-4352-B27C-8FDB8DF537D2}.Debug|x64.Build.0 = Debug|Any CPU
		{DEE66F5E-D4A2-4352-B27C-8FDB8DF537D2}.Debug|x86.ActiveCfg = Debug|Any CPU
		{DEE66F5E-D4A2-4352-B27C-8FDB8DF537D2}.Debug|x86.Build.0 = Debug|Any CPU
		{DEE66F5E-D4A2-4352-B27C-8FDB8DF537D2}.Release|Any CPU.ActiveCfg = Release|Any CPU
		{DEE66F5E-D4A2-4352-B27C-8FDB8DF537D2}.Release|Any CPU.Build.0 = Release|Any CPU
		{DEE66F5E-D4A2-4352-B27C-8FDB8DF537D2}.Release|x64.ActiveCfg = Release|Any CPU
		{DEE66F5E-D4A2-4352-B27C-8FDB8DF537D2}.Release|x64.Build.0 = Release|Any CPU
		{DEE66F5E-D4A2-4352-B27C-8FDB8DF537D2}.Release|x86.ActiveCfg = Release|Any CPU
		{DEE66F5E-D4A2-4352-B27C-8FDB8DF537D2}.Release|x86.Build.0 = Release|Any CPU
		{674ED163-0427-4009-8A57-3ECA8A041A9C}.Debug|Any CPU.ActiveCfg = Debug|Any CPU
		{674ED163-0427-4009-8A57-3ECA8A041A9C}.Debug|Any CPU.Build.0 = Debug|Any CPU
		{674ED163-0427-4009-8A57-3ECA8A041A9C}.Debug|x64.ActiveCfg = Debug|Any CPU
		{674ED163-0427-4009-8A57-3ECA8A041A9C}.Debug|x64.Build.0 = Debug|Any CPU
		{674ED163-0427-4009-8A57-3ECA8A041A9C}.Debug|x86.ActiveCfg = Debug|Any CPU
		{674ED163-0427-4009-8A57-3ECA8A041A9C}.Debug|x86.Build.0 = Debug|Any CPU
		{674ED163-0427-4009-8A57-3ECA8A041A9C}.Release|Any CPU.ActiveCfg = Release|Any CPU
		{674ED163-0427-4009-8A57-3ECA8A041A9C}.Release|Any CPU.Build.0 = Release|Any CPU
		{674ED163-0427-4009-8A57-3ECA8A041A9C}.Release|x64.ActiveCfg = Release|Any CPU
		{674ED163-0427-4009-8A57-3ECA8A041A9C}.Release|x64.Build.0 = Release|Any CPU
		{674ED163-0427-4009-8A57-3ECA8A041A9C}.Release|x86.ActiveCfg = Release|Any CPU
		{674ED163-0427-4009-8A57-3ECA8A041A9C}.Release|x86.Build.0 = Release|Any CPU
		{2F1DC9AD-E382-4F59-B0F4-0CFA42C7AC48}.Debug|Any CPU.ActiveCfg = Debug|Any CPU
		{2F1DC9AD-E382-4F59-B0F4-0CFA42C7AC48}.Debug|Any CPU.Build.0 = Debug|Any CPU
		{2F1DC9AD-E382-4F59-B0F4-0CFA42C7AC48}.Debug|x64.ActiveCfg = Debug|Any CPU
		{2F1DC9AD-E382-4F59-B0F4-0CFA42C7AC48}.Debug|x64.Build.0 = Debug|Any CPU
		{2F1DC9AD-E382-4F59-B0F4-0CFA42C7AC48}.Debug|x86.ActiveCfg = Debug|Any CPU
		{2F1DC9AD-E382-4F59-B0F4-0CFA42C7AC48}.Debug|x86.Build.0 = Debug|Any CPU
		{2F1DC9AD-E382-4F59-B0F4-0CFA42C7AC48}.Release|Any CPU.ActiveCfg = Release|Any CPU
		{2F1DC9AD-E382-4F59-B0F4-0CFA42C7AC48}.Release|Any CPU.Build.0 = Release|Any CPU
		{2F1DC9AD-E382-4F59-B0F4-0CFA42C7AC48}.Release|x64.ActiveCfg = Release|Any CPU
		{2F1DC9AD-E382-4F59-B0F4-0CFA42C7AC48}.Release|x64.Build.0 = Release|Any CPU
		{2F1DC9AD-E382-4F59-B0F4-0CFA42C7AC48}.Release|x86.ActiveCfg = Release|Any CPU
		{2F1DC9AD-E382-4F59-B0F4-0CFA42C7AC48}.Release|x86.Build.0 = Release|Any CPU
		{6D3D4832-CDE0-4D7D-AD45-EC49F496B2BD}.Debug|Any CPU.ActiveCfg = Debug|Any CPU
		{6D3D4832-CDE0-4D7D-AD45-EC49F496B2BD}.Debug|Any CPU.Build.0 = Debug|Any CPU
		{6D3D4832-CDE0-4D7D-AD45-EC49F496B2BD}.Debug|x64.ActiveCfg = Debug|Any CPU
		{6D3D4832-CDE0-4D7D-AD45-EC49F496B2BD}.Debug|x64.Build.0 = Debug|Any CPU
		{6D3D4832-CDE0-4D7D-AD45-EC49F496B2BD}.Debug|x86.ActiveCfg = Debug|Any CPU
		{6D3D4832-CDE0-4D7D-AD45-EC49F496B2BD}.Debug|x86.Build.0 = Debug|Any CPU
		{6D3D4832-CDE0-4D7D-AD45-EC49F496B2BD}.Release|Any CPU.ActiveCfg = Release|Any CPU
		{6D3D4832-CDE0-4D7D-AD45-EC49F496B2BD}.Release|Any CPU.Build.0 = Release|Any CPU
		{6D3D4832-CDE0-4D7D-AD45-EC49F496B2BD}.Release|x64.ActiveCfg = Release|Any CPU
		{6D3D4832-CDE0-4D7D-AD45-EC49F496B2BD}.Release|x64.Build.0 = Release|Any CPU
		{6D3D4832-CDE0-4D7D-AD45-EC49F496B2BD}.Release|x86.ActiveCfg = Release|Any CPU
		{6D3D4832-CDE0-4D7D-AD45-EC49F496B2BD}.Release|x86.Build.0 = Release|Any CPU
		{A3EC32B8-DF37-4466-8191-0CD1AD4405AE}.Debug|Any CPU.ActiveCfg = Debug|Any CPU
		{A3EC32B8-DF37-4466-8191-0CD1AD4405AE}.Debug|Any CPU.Build.0 = Debug|Any CPU
		{A3EC32B8-DF37-4466-8191-0CD1AD4405AE}.Debug|x64.ActiveCfg = Debug|Any CPU
		{A3EC32B8-DF37-4466-8191-0CD1AD4405AE}.Debug|x64.Build.0 = Debug|Any CPU
		{A3EC32B8-DF37-4466-8191-0CD1AD4405AE}.Debug|x86.ActiveCfg = Debug|Any CPU
		{A3EC32B8-DF37-4466-8191-0CD1AD4405AE}.Debug|x86.Build.0 = Debug|Any CPU
		{A3EC32B8-DF37-4466-8191-0CD1AD4405AE}.Release|Any CPU.ActiveCfg = Release|Any CPU
		{A3EC32B8-DF37-4466-8191-0CD1AD4405AE}.Release|Any CPU.Build.0 = Release|Any CPU
		{A3EC32B8-DF37-4466-8191-0CD1AD4405AE}.Release|x64.ActiveCfg = Release|Any CPU
		{A3EC32B8-DF37-4466-8191-0CD1AD4405AE}.Release|x64.Build.0 = Release|Any CPU
		{A3EC32B8-DF37-4466-8191-0CD1AD4405AE}.Release|x86.ActiveCfg = Release|Any CPU
		{A3EC32B8-DF37-4466-8191-0CD1AD4405AE}.Release|x86.Build.0 = Release|Any CPU
		{416938B8-3667-4335-A6BF-B83B9C96A335}.Debug|Any CPU.ActiveCfg = Debug|Any CPU
		{416938B8-3667-4335-A6BF-B83B9C96A335}.Debug|Any CPU.Build.0 = Debug|Any CPU
		{416938B8-3667-4335-A6BF-B83B9C96A335}.Debug|x64.ActiveCfg = Debug|Any CPU
		{416938B8-3667-4335-A6BF-B83B9C96A335}.Debug|x64.Build.0 = Debug|Any CPU
		{416938B8-3667-4335-A6BF-B83B9C96A335}.Debug|x86.ActiveCfg = Debug|Any CPU
		{416938B8-3667-4335-A6BF-B83B9C96A335}.Debug|x86.Build.0 = Debug|Any CPU
		{416938B8-3667-4335-A6BF-B83B9C96A335}.Release|Any CPU.ActiveCfg = Release|Any CPU
		{416938B8-3667-4335-A6BF-B83B9C96A335}.Release|Any CPU.Build.0 = Release|Any CPU
		{416938B8-3667-4335-A6BF-B83B9C96A335}.Release|x64.ActiveCfg = Release|Any CPU
		{416938B8-3667-4335-A6BF-B83B9C96A335}.Release|x64.Build.0 = Release|Any CPU
		{416938B8-3667-4335-A6BF-B83B9C96A335}.Release|x86.ActiveCfg = Release|Any CPU
		{416938B8-3667-4335-A6BF-B83B9C96A335}.Release|x86.Build.0 = Release|Any CPU
		{0693DE9C-07EE-4970-A17A-68A28CA6C8DD}.Debug|Any CPU.ActiveCfg = Debug|Any CPU
		{0693DE9C-07EE-4970-A17A-68A28CA6C8DD}.Debug|Any CPU.Build.0 = Debug|Any CPU
		{0693DE9C-07EE-4970-A17A-68A28CA6C8DD}.Debug|x64.ActiveCfg = Debug|Any CPU
		{0693DE9C-07EE-4970-A17A-68A28CA6C8DD}.Debug|x64.Build.0 = Debug|Any CPU
		{0693DE9C-07EE-4970-A17A-68A28CA6C8DD}.Debug|x86.ActiveCfg = Debug|Any CPU
		{0693DE9C-07EE-4970-A17A-68A28CA6C8DD}.Debug|x86.Build.0 = Debug|Any CPU
		{0693DE9C-07EE-4970-A17A-68A28CA6C8DD}.Release|Any CPU.ActiveCfg = Release|Any CPU
		{0693DE9C-07EE-4970-A17A-68A28CA6C8DD}.Release|Any CPU.Build.0 = Release|Any CPU
		{0693DE9C-07EE-4970-A17A-68A28CA6C8DD}.Release|x64.ActiveCfg = Release|Any CPU
		{0693DE9C-07EE-4970-A17A-68A28CA6C8DD}.Release|x64.Build.0 = Release|Any CPU
		{0693DE9C-07EE-4970-A17A-68A28CA6C8DD}.Release|x86.ActiveCfg = Release|Any CPU
		{0693DE9C-07EE-4970-A17A-68A28CA6C8DD}.Release|x86.Build.0 = Release|Any CPU
		{8C2AB03D-33D7-4965-A686-EA8BFE5F21FA}.Debug|Any CPU.ActiveCfg = Debug|Any CPU
		{8C2AB03D-33D7-4965-A686-EA8BFE5F21FA}.Debug|Any CPU.Build.0 = Debug|Any CPU
		{8C2AB03D-33D7-4965-A686-EA8BFE5F21FA}.Debug|x64.ActiveCfg = Debug|Any CPU
		{8C2AB03D-33D7-4965-A686-EA8BFE5F21FA}.Debug|x64.Build.0 = Debug|Any CPU
		{8C2AB03D-33D7-4965-A686-EA8BFE5F21FA}.Debug|x86.ActiveCfg = Debug|Any CPU
		{8C2AB03D-33D7-4965-A686-EA8BFE5F21FA}.Debug|x86.Build.0 = Debug|Any CPU
		{8C2AB03D-33D7-4965-A686-EA8BFE5F21FA}.Release|Any CPU.ActiveCfg = Release|Any CPU
		{8C2AB03D-33D7-4965-A686-EA8BFE5F21FA}.Release|Any CPU.Build.0 = Release|Any CPU
		{8C2AB03D-33D7-4965-A686-EA8BFE5F21FA}.Release|x64.ActiveCfg = Release|Any CPU
		{8C2AB03D-33D7-4965-A686-EA8BFE5F21FA}.Release|x64.Build.0 = Release|Any CPU
		{8C2AB03D-33D7-4965-A686-EA8BFE5F21FA}.Release|x86.ActiveCfg = Release|Any CPU
		{8C2AB03D-33D7-4965-A686-EA8BFE5F21FA}.Release|x86.Build.0 = Release|Any CPU
		{43614005-1121-4F50-9705-963590729F45}.Debug|Any CPU.ActiveCfg = Debug|Any CPU
		{43614005-1121-4F50-9705-963590729F45}.Debug|Any CPU.Build.0 = Debug|Any CPU
		{43614005-1121-4F50-9705-963590729F45}.Debug|x64.ActiveCfg = Debug|Any CPU
		{43614005-1121-4F50-9705-963590729F45}.Debug|x64.Build.0 = Debug|Any CPU
		{43614005-1121-4F50-9705-963590729F45}.Debug|x86.ActiveCfg = Debug|Any CPU
		{43614005-1121-4F50-9705-963590729F45}.Debug|x86.Build.0 = Debug|Any CPU
		{43614005-1121-4F50-9705-963590729F45}.Release|Any CPU.ActiveCfg = Release|Any CPU
		{43614005-1121-4F50-9705-963590729F45}.Release|Any CPU.Build.0 = Release|Any CPU
		{43614005-1121-4F50-9705-963590729F45}.Release|x64.ActiveCfg = Release|Any CPU
		{43614005-1121-4F50-9705-963590729F45}.Release|x64.Build.0 = Release|Any CPU
		{43614005-1121-4F50-9705-963590729F45}.Release|x86.ActiveCfg = Release|Any CPU
		{43614005-1121-4F50-9705-963590729F45}.Release|x86.Build.0 = Release|Any CPU
		{A1B2C3D4-1111-2222-3333-444455556666}.Debug|Any CPU.ActiveCfg = Debug|Any CPU
		{A1B2C3D4-1111-2222-3333-444455556666}.Debug|Any CPU.Build.0 = Debug|Any CPU
		{A1B2C3D4-1111-2222-3333-444455556666}.Debug|x64.ActiveCfg = Debug|Any CPU
		{A1B2C3D4-1111-2222-3333-444455556666}.Debug|x64.Build.0 = Debug|Any CPU
		{A1B2C3D4-1111-2222-3333-444455556666}.Debug|x86.ActiveCfg = Debug|Any CPU
		{A1B2C3D4-1111-2222-3333-444455556666}.Debug|x86.Build.0 = Debug|Any CPU
		{A1B2C3D4-1111-2222-3333-444455556666}.Release|Any CPU.ActiveCfg = Release|Any CPU
		{A1B2C3D4-1111-2222-3333-444455556666}.Release|Any CPU.Build.0 = Release|Any CPU
		{A1B2C3D4-1111-2222-3333-444455556666}.Release|x64.ActiveCfg = Release|Any CPU
		{A1B2C3D4-1111-2222-3333-444455556666}.Release|x64.Build.0 = Release|Any CPU
		{A1B2C3D4-1111-2222-3333-444455556666}.Release|x86.ActiveCfg = Release|Any CPU
		{A1B2C3D4-1111-2222-3333-444455556666}.Release|x86.Build.0 = Release|Any CPU
		{A1B2C3D4-1111-2222-3333-444455557777}.Debug|Any CPU.ActiveCfg = Debug|Any CPU
		{A1B2C3D4-1111-2222-3333-444455557777}.Debug|Any CPU.Build.0 = Debug|Any CPU
		{A1B2C3D4-1111-2222-3333-444455557777}.Debug|x64.ActiveCfg = Debug|Any CPU
		{A1B2C3D4-1111-2222-3333-444455557777}.Debug|x64.Build.0 = Debug|Any CPU
		{A1B2C3D4-1111-2222-3333-444455557777}.Debug|x86.ActiveCfg = Debug|Any CPU
		{A1B2C3D4-1111-2222-3333-444455557777}.Debug|x86.Build.0 = Debug|Any CPU
		{A1B2C3D4-1111-2222-3333-444455557777}.Release|Any CPU.ActiveCfg = Release|Any CPU
		{A1B2C3D4-1111-2222-3333-444455557777}.Release|Any CPU.Build.0 = Release|Any CPU
		{A1B2C3D4-1111-2222-3333-444455557777}.Release|x64.ActiveCfg = Release|Any CPU
		{A1B2C3D4-1111-2222-3333-444455557777}.Release|x64.Build.0 = Release|Any CPU
		{A1B2C3D4-1111-2222-3333-444455557777}.Release|x86.ActiveCfg = Release|Any CPU
		{A1B2C3D4-1111-2222-3333-444455557777}.Release|x86.Build.0 = Release|Any CPU
		{A1B2C3D4-1111-2222-3333-444455558888}.Debug|Any CPU.ActiveCfg = Debug|Any CPU
		{A1B2C3D4-1111-2222-3333-444455558888}.Debug|Any CPU.Build.0 = Debug|Any CPU
		{A1B2C3D4-1111-2222-3333-444455558888}.Debug|x64.ActiveCfg = Debug|Any CPU
		{A1B2C3D4-1111-2222-3333-444455558888}.Debug|x64.Build.0 = Debug|Any CPU
		{A1B2C3D4-1111-2222-3333-444455558888}.Debug|x86.ActiveCfg = Debug|Any CPU
		{A1B2C3D4-1111-2222-3333-444455558888}.Debug|x86.Build.0 = Debug|Any CPU
		{A1B2C3D4-1111-2222-3333-444455558888}.Release|Any CPU.ActiveCfg = Release|Any CPU
		{A1B2C3D4-1111-2222-3333-444455558888}.Release|Any CPU.Build.0 = Release|Any CPU
		{A1B2C3D4-1111-2222-3333-444455558888}.Release|x64.ActiveCfg = Release|Any CPU
		{A1B2C3D4-1111-2222-3333-444455558888}.Release|x64.Build.0 = Release|Any CPU
		{A1B2C3D4-1111-2222-3333-444455558888}.Release|x86.ActiveCfg = Release|Any CPU
		{A1B2C3D4-1111-2222-3333-444455558888}.Release|x86.Build.0 = Release|Any CPU
		{A1B2C3D4-1111-2222-3333-444455559999}.Debug|Any CPU.ActiveCfg = Debug|Any CPU
		{A1B2C3D4-1111-2222-3333-444455559999}.Debug|Any CPU.Build.0 = Debug|Any CPU
		{A1B2C3D4-1111-2222-3333-444455559999}.Debug|x64.ActiveCfg = Debug|Any CPU
		{A1B2C3D4-1111-2222-3333-444455559999}.Debug|x64.Build.0 = Debug|Any CPU
		{A1B2C3D4-1111-2222-3333-444455559999}.Debug|x86.ActiveCfg = Debug|Any CPU
		{A1B2C3D4-1111-2222-3333-444455559999}.Debug|x86.Build.0 = Debug|Any CPU
		{A1B2C3D4-1111-2222-3333-444455559999}.Release|Any CPU.ActiveCfg = Release|Any CPU
		{A1B2C3D4-1111-2222-3333-444455559999}.Release|Any CPU.Build.0 = Release|Any CPU
		{A1B2C3D4-1111-2222-3333-444455559999}.Release|x64.ActiveCfg = Release|Any CPU
		{A1B2C3D4-1111-2222-3333-444455559999}.Release|x64.Build.0 = Release|Any CPU
		{A1B2C3D4-1111-2222-3333-444455559999}.Release|x86.ActiveCfg = Release|Any CPU
		{A1B2C3D4-1111-2222-3333-444455559999}.Release|x86.Build.0 = Release|Any CPU
		{A1B2C3D4-1111-2222-3333-44445555AAAA}.Debug|Any CPU.ActiveCfg = Debug|Any CPU
		{A1B2C3D4-1111-2222-3333-44445555AAAA}.Debug|Any CPU.Build.0 = Debug|Any CPU
		{A1B2C3D4-1111-2222-3333-44445555AAAA}.Debug|x64.ActiveCfg = Debug|Any CPU
		{A1B2C3D4-1111-2222-3333-44445555AAAA}.Debug|x64.Build.0 = Debug|Any CPU
		{A1B2C3D4-1111-2222-3333-44445555AAAA}.Debug|x86.ActiveCfg = Debug|Any CPU
		{A1B2C3D4-1111-2222-3333-44445555AAAA}.Debug|x86.Build.0 = Debug|Any CPU
		{A1B2C3D4-1111-2222-3333-44445555AAAA}.Release|Any CPU.ActiveCfg = Release|Any CPU
		{A1B2C3D4-1111-2222-3333-44445555AAAA}.Release|Any CPU.Build.0 = Release|Any CPU
		{A1B2C3D4-1111-2222-3333-44445555AAAA}.Release|x64.ActiveCfg = Release|Any CPU
		{A1B2C3D4-1111-2222-3333-44445555AAAA}.Release|x64.Build.0 = Release|Any CPU
		{A1B2C3D4-1111-2222-3333-44445555AAAA}.Release|x86.ActiveCfg = Release|Any CPU
		{A1B2C3D4-1111-2222-3333-44445555AAAA}.Release|x86.Build.0 = Release|Any CPU
		{ECBB5C93-9D0E-43CE-BA02-E818B106414E}.Debug|Any CPU.ActiveCfg = Debug|Any CPU
		{ECBB5C93-9D0E-43CE-BA02-E818B106414E}.Debug|Any CPU.Build.0 = Debug|Any CPU
		{ECBB5C93-9D0E-43CE-BA02-E818B106414E}.Debug|x64.ActiveCfg = Debug|Any CPU
		{ECBB5C93-9D0E-43CE-BA02-E818B106414E}.Debug|x64.Build.0 = Debug|Any CPU
		{ECBB5C93-9D0E-43CE-BA02-E818B106414E}.Debug|x86.ActiveCfg = Debug|Any CPU
		{ECBB5C93-9D0E-43CE-BA02-E818B106414E}.Debug|x86.Build.0 = Debug|Any CPU
		{ECBB5C93-9D0E-43CE-BA02-E818B106414E}.Release|Any CPU.ActiveCfg = Release|Any CPU
		{ECBB5C93-9D0E-43CE-BA02-E818B106414E}.Release|Any CPU.Build.0 = Release|Any CPU
		{ECBB5C93-9D0E-43CE-BA02-E818B106414E}.Release|x64.ActiveCfg = Release|Any CPU
		{ECBB5C93-9D0E-43CE-BA02-E818B106414E}.Release|x64.Build.0 = Release|Any CPU
		{ECBB5C93-9D0E-43CE-BA02-E818B106414E}.Release|x86.ActiveCfg = Release|Any CPU
		{ECBB5C93-9D0E-43CE-BA02-E818B106414E}.Release|x86.Build.0 = Release|Any CPU
		{E222CA10-E2B1-40BA-9F1C-067212D08F7B}.Debug|Any CPU.ActiveCfg = Debug|Any CPU
		{E222CA10-E2B1-40BA-9F1C-067212D08F7B}.Debug|Any CPU.Build.0 = Debug|Any CPU
		{E222CA10-E2B1-40BA-9F1C-067212D08F7B}.Debug|x64.ActiveCfg = Debug|Any CPU
		{E222CA10-E2B1-40BA-9F1C-067212D08F7B}.Debug|x64.Build.0 = Debug|Any CPU
		{E222CA10-E2B1-40BA-9F1C-067212D08F7B}.Debug|x86.ActiveCfg = Debug|Any CPU
		{E222CA10-E2B1-40BA-9F1C-067212D08F7B}.Debug|x86.Build.0 = Debug|Any CPU
		{E222CA10-E2B1-40BA-9F1C-067212D08F7B}.Release|Any CPU.ActiveCfg = Release|Any CPU
		{E222CA10-E2B1-40BA-9F1C-067212D08F7B}.Release|Any CPU.Build.0 = Release|Any CPU
		{E222CA10-E2B1-40BA-9F1C-067212D08F7B}.Release|x64.ActiveCfg = Release|Any CPU
		{E222CA10-E2B1-40BA-9F1C-067212D08F7B}.Release|x64.Build.0 = Release|Any CPU
		{E222CA10-E2B1-40BA-9F1C-067212D08F7B}.Release|x86.ActiveCfg = Release|Any CPU
		{E222CA10-E2B1-40BA-9F1C-067212D08F7B}.Release|x86.Build.0 = Release|Any CPU
		{DC5D5B75-8316-4677-ADF6-EBF38C17363A}.Debug|Any CPU.ActiveCfg = Debug|Any CPU
		{DC5D5B75-8316-4677-ADF6-EBF38C17363A}.Debug|Any CPU.Build.0 = Debug|Any CPU
		{DC5D5B75-8316-4677-ADF6-EBF38C17363A}.Debug|x64.ActiveCfg = Debug|Any CPU
		{DC5D5B75-8316-4677-ADF6-EBF38C17363A}.Debug|x64.Build.0 = Debug|Any CPU
		{DC5D5B75-8316-4677-ADF6-EBF38C17363A}.Debug|x86.ActiveCfg = Debug|Any CPU
		{DC5D5B75-8316-4677-ADF6-EBF38C17363A}.Debug|x86.Build.0 = Debug|Any CPU
		{DC5D5B75-8316-4677-ADF6-EBF38C17363A}.Release|Any CPU.ActiveCfg = Release|Any CPU
		{DC5D5B75-8316-4677-ADF6-EBF38C17363A}.Release|Any CPU.Build.0 = Release|Any CPU
		{DC5D5B75-8316-4677-ADF6-EBF38C17363A}.Release|x64.ActiveCfg = Release|Any CPU
		{DC5D5B75-8316-4677-ADF6-EBF38C17363A}.Release|x64.Build.0 = Release|Any CPU
		{DC5D5B75-8316-4677-ADF6-EBF38C17363A}.Release|x86.ActiveCfg = Release|Any CPU
		{DC5D5B75-8316-4677-ADF6-EBF38C17363A}.Release|x86.Build.0 = Release|Any CPU
		{FC654DA7-749C-4FB6-8431-A8050A9A8563}.Debug|Any CPU.ActiveCfg = Debug|Any CPU
		{FC654DA7-749C-4FB6-8431-A8050A9A8563}.Debug|Any CPU.Build.0 = Debug|Any CPU
		{FC654DA7-749C-4FB6-8431-A8050A9A8563}.Debug|x64.ActiveCfg = Debug|Any CPU
		{FC654DA7-749C-4FB6-8431-A8050A9A8563}.Debug|x64.Build.0 = Debug|Any CPU
		{FC654DA7-749C-4FB6-8431-A8050A9A8563}.Debug|x86.ActiveCfg = Debug|Any CPU
		{FC654DA7-749C-4FB6-8431-A8050A9A8563}.Debug|x86.Build.0 = Debug|Any CPU
		{FC654DA7-749C-4FB6-8431-A8050A9A8563}.Release|Any CPU.ActiveCfg = Release|Any CPU
		{FC654DA7-749C-4FB6-8431-A8050A9A8563}.Release|Any CPU.Build.0 = Release|Any CPU
		{FC654DA7-749C-4FB6-8431-A8050A9A8563}.Release|x64.ActiveCfg = Release|Any CPU
		{FC654DA7-749C-4FB6-8431-A8050A9A8563}.Release|x64.Build.0 = Release|Any CPU
		{FC654DA7-749C-4FB6-8431-A8050A9A8563}.Release|x86.ActiveCfg = Release|Any CPU
		{FC654DA7-749C-4FB6-8431-A8050A9A8563}.Release|x86.Build.0 = Release|Any CPU
		{97803E0B-73E7-4280-AB7D-D12DF59667AD}.Debug|Any CPU.ActiveCfg = Debug|Any CPU
		{97803E0B-73E7-4280-AB7D-D12DF59667AD}.Debug|Any CPU.Build.0 = Debug|Any CPU
		{97803E0B-73E7-4280-AB7D-D12DF59667AD}.Debug|x64.ActiveCfg = Debug|Any CPU
		{97803E0B-73E7-4280-AB7D-D12DF59667AD}.Debug|x64.Build.0 = Debug|Any CPU
		{97803E0B-73E7-4280-AB7D-D12DF59667AD}.Debug|x86.ActiveCfg = Debug|Any CPU
		{97803E0B-73E7-4280-AB7D-D12DF59667AD}.Debug|x86.Build.0 = Debug|Any CPU
		{97803E0B-73E7-4280-AB7D-D12DF59667AD}.Release|Any CPU.ActiveCfg = Release|Any CPU
		{97803E0B-73E7-4280-AB7D-D12DF59667AD}.Release|Any CPU.Build.0 = Release|Any CPU
		{97803E0B-73E7-4280-AB7D-D12DF59667AD}.Release|x64.ActiveCfg = Release|Any CPU
		{97803E0B-73E7-4280-AB7D-D12DF59667AD}.Release|x64.Build.0 = Release|Any CPU
		{97803E0B-73E7-4280-AB7D-D12DF59667AD}.Release|x86.ActiveCfg = Release|Any CPU
		{97803E0B-73E7-4280-AB7D-D12DF59667AD}.Release|x86.Build.0 = Release|Any CPU
		{71AC470A-A455-4445-AF93-3E098018EAEB}.Debug|Any CPU.ActiveCfg = Debug|Any CPU
		{71AC470A-A455-4445-AF93-3E098018EAEB}.Debug|Any CPU.Build.0 = Debug|Any CPU
		{71AC470A-A455-4445-AF93-3E098018EAEB}.Debug|x64.ActiveCfg = Debug|Any CPU
		{71AC470A-A455-4445-AF93-3E098018EAEB}.Debug|x64.Build.0 = Debug|Any CPU
		{71AC470A-A455-4445-AF93-3E098018EAEB}.Debug|x86.ActiveCfg = Debug|Any CPU
		{71AC470A-A455-4445-AF93-3E098018EAEB}.Debug|x86.Build.0 = Debug|Any CPU
		{71AC470A-A455-4445-AF93-3E098018EAEB}.Release|Any CPU.ActiveCfg = Release|Any CPU
		{71AC470A-A455-4445-AF93-3E098018EAEB}.Release|Any CPU.Build.0 = Release|Any CPU
		{71AC470A-A455-4445-AF93-3E098018EAEB}.Release|x64.ActiveCfg = Release|Any CPU
		{71AC470A-A455-4445-AF93-3E098018EAEB}.Release|x64.Build.0 = Release|Any CPU
		{71AC470A-A455-4445-AF93-3E098018EAEB}.Release|x86.ActiveCfg = Release|Any CPU
		{71AC470A-A455-4445-AF93-3E098018EAEB}.Release|x86.Build.0 = Release|Any CPU
		{D64AF132-AA17-4D81-A97A-2D3BB74FBFF5}.Debug|Any CPU.ActiveCfg = Debug|Any CPU
		{D64AF132-AA17-4D81-A97A-2D3BB74FBFF5}.Debug|Any CPU.Build.0 = Debug|Any CPU
		{D64AF132-AA17-4D81-A97A-2D3BB74FBFF5}.Debug|x64.ActiveCfg = Debug|Any CPU
		{D64AF132-AA17-4D81-A97A-2D3BB74FBFF5}.Debug|x64.Build.0 = Debug|Any CPU
		{D64AF132-AA17-4D81-A97A-2D3BB74FBFF5}.Debug|x86.ActiveCfg = Debug|Any CPU
		{D64AF132-AA17-4D81-A97A-2D3BB74FBFF5}.Debug|x86.Build.0 = Debug|Any CPU
		{D64AF132-AA17-4D81-A97A-2D3BB74FBFF5}.Release|Any CPU.ActiveCfg = Release|Any CPU
		{D64AF132-AA17-4D81-A97A-2D3BB74FBFF5}.Release|Any CPU.Build.0 = Release|Any CPU
		{D64AF132-AA17-4D81-A97A-2D3BB74FBFF5}.Release|x64.ActiveCfg = Release|Any CPU
		{D64AF132-AA17-4D81-A97A-2D3BB74FBFF5}.Release|x64.Build.0 = Release|Any CPU
		{D64AF132-AA17-4D81-A97A-2D3BB74FBFF5}.Release|x86.ActiveCfg = Release|Any CPU
		{D64AF132-AA17-4D81-A97A-2D3BB74FBFF5}.Release|x86.Build.0 = Release|Any CPU
		{3EEE3CD1-11C7-407F-BCCD-F8B577A3DD83}.Debug|Any CPU.ActiveCfg = Debug|Any CPU
		{3EEE3CD1-11C7-407F-BCCD-F8B577A3DD83}.Debug|Any CPU.Build.0 = Debug|Any CPU
		{3EEE3CD1-11C7-407F-BCCD-F8B577A3DD83}.Debug|x64.ActiveCfg = Debug|Any CPU
		{3EEE3CD1-11C7-407F-BCCD-F8B577A3DD83}.Debug|x64.Build.0 = Debug|Any CPU
		{3EEE3CD1-11C7-407F-BCCD-F8B577A3DD83}.Debug|x86.ActiveCfg = Debug|Any CPU
		{3EEE3CD1-11C7-407F-BCCD-F8B577A3DD83}.Debug|x86.Build.0 = Debug|Any CPU
		{3EEE3CD1-11C7-407F-BCCD-F8B577A3DD83}.Release|Any CPU.ActiveCfg = Release|Any CPU
		{3EEE3CD1-11C7-407F-BCCD-F8B577A3DD83}.Release|Any CPU.Build.0 = Release|Any CPU
		{3EEE3CD1-11C7-407F-BCCD-F8B577A3DD83}.Release|x64.ActiveCfg = Release|Any CPU
		{3EEE3CD1-11C7-407F-BCCD-F8B577A3DD83}.Release|x64.Build.0 = Release|Any CPU
		{3EEE3CD1-11C7-407F-BCCD-F8B577A3DD83}.Release|x86.ActiveCfg = Release|Any CPU
		{3EEE3CD1-11C7-407F-BCCD-F8B577A3DD83}.Release|x86.Build.0 = Release|Any CPU
		{174B20B4-E0E2-4EAD-A91C-B07EFB9D1F87}.Debug|Any CPU.ActiveCfg = Debug|Any CPU
		{174B20B4-E0E2-4EAD-A91C-B07EFB9D1F87}.Debug|Any CPU.Build.0 = Debug|Any CPU
		{174B20B4-E0E2-4EAD-A91C-B07EFB9D1F87}.Debug|x64.ActiveCfg = Debug|Any CPU
		{174B20B4-E0E2-4EAD-A91C-B07EFB9D1F87}.Debug|x64.Build.0 = Debug|Any CPU
		{174B20B4-E0E2-4EAD-A91C-B07EFB9D1F87}.Debug|x86.ActiveCfg = Debug|Any CPU
		{174B20B4-E0E2-4EAD-A91C-B07EFB9D1F87}.Debug|x86.Build.0 = Debug|Any CPU
		{174B20B4-E0E2-4EAD-A91C-B07EFB9D1F87}.Release|Any CPU.ActiveCfg = Release|Any CPU
		{174B20B4-E0E2-4EAD-A91C-B07EFB9D1F87}.Release|Any CPU.Build.0 = Release|Any CPU
		{174B20B4-E0E2-4EAD-A91C-B07EFB9D1F87}.Release|x64.ActiveCfg = Release|Any CPU
		{174B20B4-E0E2-4EAD-A91C-B07EFB9D1F87}.Release|x64.Build.0 = Release|Any CPU
		{174B20B4-E0E2-4EAD-A91C-B07EFB9D1F87}.Release|x86.ActiveCfg = Release|Any CPU
		{174B20B4-E0E2-4EAD-A91C-B07EFB9D1F87}.Release|x86.Build.0 = Release|Any CPU
		{E81F17F9-408B-4A45-9A36-11443F44DF73}.Debug|Any CPU.ActiveCfg = Debug|Any CPU
		{E81F17F9-408B-4A45-9A36-11443F44DF73}.Debug|Any CPU.Build.0 = Debug|Any CPU
		{E81F17F9-408B-4A45-9A36-11443F44DF73}.Debug|x64.ActiveCfg = Debug|Any CPU
		{E81F17F9-408B-4A45-9A36-11443F44DF73}.Debug|x64.Build.0 = Debug|Any CPU
		{E81F17F9-408B-4A45-9A36-11443F44DF73}.Debug|x86.ActiveCfg = Debug|Any CPU
		{E81F17F9-408B-4A45-9A36-11443F44DF73}.Debug|x86.Build.0 = Debug|Any CPU
		{E81F17F9-408B-4A45-9A36-11443F44DF73}.Release|Any CPU.ActiveCfg = Release|Any CPU
		{E81F17F9-408B-4A45-9A36-11443F44DF73}.Release|Any CPU.Build.0 = Release|Any CPU
		{E81F17F9-408B-4A45-9A36-11443F44DF73}.Release|x64.ActiveCfg = Release|Any CPU
		{E81F17F9-408B-4A45-9A36-11443F44DF73}.Release|x64.Build.0 = Release|Any CPU
		{E81F17F9-408B-4A45-9A36-11443F44DF73}.Release|x86.ActiveCfg = Release|Any CPU
		{E81F17F9-408B-4A45-9A36-11443F44DF73}.Release|x86.Build.0 = Release|Any CPU
		{3A64A767-61EC-42D8-8055-3BC76AF446BD}.Debug|Any CPU.ActiveCfg = Debug|Any CPU
		{3A64A767-61EC-42D8-8055-3BC76AF446BD}.Debug|Any CPU.Build.0 = Debug|Any CPU
		{3A64A767-61EC-42D8-8055-3BC76AF446BD}.Debug|x64.ActiveCfg = Debug|Any CPU
		{3A64A767-61EC-42D8-8055-3BC76AF446BD}.Debug|x64.Build.0 = Debug|Any CPU
		{3A64A767-61EC-42D8-8055-3BC76AF446BD}.Debug|x86.ActiveCfg = Debug|Any CPU
		{3A64A767-61EC-42D8-8055-3BC76AF446BD}.Debug|x86.Build.0 = Debug|Any CPU
		{3A64A767-61EC-42D8-8055-3BC76AF446BD}.Release|Any CPU.ActiveCfg = Release|Any CPU
		{3A64A767-61EC-42D8-8055-3BC76AF446BD}.Release|Any CPU.Build.0 = Release|Any CPU
		{3A64A767-61EC-42D8-8055-3BC76AF446BD}.Release|x64.ActiveCfg = Release|Any CPU
		{3A64A767-61EC-42D8-8055-3BC76AF446BD}.Release|x64.Build.0 = Release|Any CPU
		{3A64A767-61EC-42D8-8055-3BC76AF446BD}.Release|x86.ActiveCfg = Release|Any CPU
		{3A64A767-61EC-42D8-8055-3BC76AF446BD}.Release|x86.Build.0 = Release|Any CPU
		{6587ED0D-4DF7-493C-AEF4-1D7ADAF35933}.Debug|Any CPU.ActiveCfg = Debug|Any CPU
		{6587ED0D-4DF7-493C-AEF4-1D7ADAF35933}.Debug|Any CPU.Build.0 = Debug|Any CPU
		{6587ED0D-4DF7-493C-AEF4-1D7ADAF35933}.Debug|x64.ActiveCfg = Debug|Any CPU
		{6587ED0D-4DF7-493C-AEF4-1D7ADAF35933}.Debug|x64.Build.0 = Debug|Any CPU
		{6587ED0D-4DF7-493C-AEF4-1D7ADAF35933}.Debug|x86.ActiveCfg = Debug|Any CPU
		{6587ED0D-4DF7-493C-AEF4-1D7ADAF35933}.Debug|x86.Build.0 = Debug|Any CPU
		{6587ED0D-4DF7-493C-AEF4-1D7ADAF35933}.Release|Any CPU.ActiveCfg = Release|Any CPU
		{6587ED0D-4DF7-493C-AEF4-1D7ADAF35933}.Release|Any CPU.Build.0 = Release|Any CPU
		{6587ED0D-4DF7-493C-AEF4-1D7ADAF35933}.Release|x64.ActiveCfg = Release|Any CPU
		{6587ED0D-4DF7-493C-AEF4-1D7ADAF35933}.Release|x64.Build.0 = Release|Any CPU
		{6587ED0D-4DF7-493C-AEF4-1D7ADAF35933}.Release|x86.ActiveCfg = Release|Any CPU
		{6587ED0D-4DF7-493C-AEF4-1D7ADAF35933}.Release|x86.Build.0 = Release|Any CPU
		{D21EA66F-9D34-46F0-883F-1DC0CA286D03}.Debug|Any CPU.ActiveCfg = Debug|Any CPU
		{D21EA66F-9D34-46F0-883F-1DC0CA286D03}.Debug|Any CPU.Build.0 = Debug|Any CPU
		{D21EA66F-9D34-46F0-883F-1DC0CA286D03}.Debug|x64.ActiveCfg = Debug|Any CPU
		{D21EA66F-9D34-46F0-883F-1DC0CA286D03}.Debug|x64.Build.0 = Debug|Any CPU
		{D21EA66F-9D34-46F0-883F-1DC0CA286D03}.Debug|x86.ActiveCfg = Debug|Any CPU
		{D21EA66F-9D34-46F0-883F-1DC0CA286D03}.Debug|x86.Build.0 = Debug|Any CPU
		{D21EA66F-9D34-46F0-883F-1DC0CA286D03}.Release|Any CPU.ActiveCfg = Release|Any CPU
		{D21EA66F-9D34-46F0-883F-1DC0CA286D03}.Release|Any CPU.Build.0 = Release|Any CPU
		{D21EA66F-9D34-46F0-883F-1DC0CA286D03}.Release|x64.ActiveCfg = Release|Any CPU
		{D21EA66F-9D34-46F0-883F-1DC0CA286D03}.Release|x64.Build.0 = Release|Any CPU
		{D21EA66F-9D34-46F0-883F-1DC0CA286D03}.Release|x86.ActiveCfg = Release|Any CPU
		{D21EA66F-9D34-46F0-883F-1DC0CA286D03}.Release|x86.Build.0 = Release|Any CPU
		{A6D5F20C-842E-4229-A99F-06EC2B286183}.Debug|Any CPU.ActiveCfg = Debug|Any CPU
		{A6D5F20C-842E-4229-A99F-06EC2B286183}.Debug|Any CPU.Build.0 = Debug|Any CPU
		{A6D5F20C-842E-4229-A99F-06EC2B286183}.Debug|x64.ActiveCfg = Debug|Any CPU
		{A6D5F20C-842E-4229-A99F-06EC2B286183}.Debug|x64.Build.0 = Debug|Any CPU
		{A6D5F20C-842E-4229-A99F-06EC2B286183}.Debug|x86.ActiveCfg = Debug|Any CPU
		{A6D5F20C-842E-4229-A99F-06EC2B286183}.Debug|x86.Build.0 = Debug|Any CPU
		{A6D5F20C-842E-4229-A99F-06EC2B286183}.Release|Any CPU.ActiveCfg = Release|Any CPU
		{A6D5F20C-842E-4229-A99F-06EC2B286183}.Release|Any CPU.Build.0 = Release|Any CPU
		{A6D5F20C-842E-4229-A99F-06EC2B286183}.Release|x64.ActiveCfg = Release|Any CPU
		{A6D5F20C-842E-4229-A99F-06EC2B286183}.Release|x64.Build.0 = Release|Any CPU
		{A6D5F20C-842E-4229-A99F-06EC2B286183}.Release|x86.ActiveCfg = Release|Any CPU
		{A6D5F20C-842E-4229-A99F-06EC2B286183}.Release|x86.Build.0 = Release|Any CPU
		{17881808-7925-42BF-A455-4428F26F0D62}.Debug|Any CPU.ActiveCfg = Debug|Any CPU
		{17881808-7925-42BF-A455-4428F26F0D62}.Debug|Any CPU.Build.0 = Debug|Any CPU
		{17881808-7925-42BF-A455-4428F26F0D62}.Debug|x64.ActiveCfg = Debug|Any CPU
		{17881808-7925-42BF-A455-4428F26F0D62}.Debug|x64.Build.0 = Debug|Any CPU
		{17881808-7925-42BF-A455-4428F26F0D62}.Debug|x86.ActiveCfg = Debug|Any CPU
		{17881808-7925-42BF-A455-4428F26F0D62}.Debug|x86.Build.0 = Debug|Any CPU
		{17881808-7925-42BF-A455-4428F26F0D62}.Release|Any CPU.ActiveCfg = Release|Any CPU
		{17881808-7925-42BF-A455-4428F26F0D62}.Release|Any CPU.Build.0 = Release|Any CPU
		{17881808-7925-42BF-A455-4428F26F0D62}.Release|x64.ActiveCfg = Release|Any CPU
		{17881808-7925-42BF-A455-4428F26F0D62}.Release|x64.Build.0 = Release|Any CPU
		{17881808-7925-42BF-A455-4428F26F0D62}.Release|x86.ActiveCfg = Release|Any CPU
		{17881808-7925-42BF-A455-4428F26F0D62}.Release|x86.Build.0 = Release|Any CPU
		{23F13913-0615-4AA5-8152-DF2CB8B3D1E8}.Debug|Any CPU.ActiveCfg = Debug|Any CPU
		{23F13913-0615-4AA5-8152-DF2CB8B3D1E8}.Debug|Any CPU.Build.0 = Debug|Any CPU
		{23F13913-0615-4AA5-8152-DF2CB8B3D1E8}.Debug|x64.ActiveCfg = Debug|Any CPU
		{23F13913-0615-4AA5-8152-DF2CB8B3D1E8}.Debug|x64.Build.0 = Debug|Any CPU
		{23F13913-0615-4AA5-8152-DF2CB8B3D1E8}.Debug|x86.ActiveCfg = Debug|Any CPU
		{23F13913-0615-4AA5-8152-DF2CB8B3D1E8}.Debug|x86.Build.0 = Debug|Any CPU
		{23F13913-0615-4AA5-8152-DF2CB8B3D1E8}.Release|Any CPU.ActiveCfg = Release|Any CPU
		{23F13913-0615-4AA5-8152-DF2CB8B3D1E8}.Release|Any CPU.Build.0 = Release|Any CPU
		{23F13913-0615-4AA5-8152-DF2CB8B3D1E8}.Release|x64.ActiveCfg = Release|Any CPU
		{23F13913-0615-4AA5-8152-DF2CB8B3D1E8}.Release|x64.Build.0 = Release|Any CPU
		{23F13913-0615-4AA5-8152-DF2CB8B3D1E8}.Release|x86.ActiveCfg = Release|Any CPU
		{23F13913-0615-4AA5-8152-DF2CB8B3D1E8}.Release|x86.Build.0 = Release|Any CPU
		{236954D5-3A09-48EA-B3E6-B16BD5E7FF4A}.Debug|Any CPU.ActiveCfg = Debug|Any CPU
		{236954D5-3A09-48EA-B3E6-B16BD5E7FF4A}.Debug|Any CPU.Build.0 = Debug|Any CPU
		{236954D5-3A09-48EA-B3E6-B16BD5E7FF4A}.Debug|x64.ActiveCfg = Debug|Any CPU
		{236954D5-3A09-48EA-B3E6-B16BD5E7FF4A}.Debug|x64.Build.0 = Debug|Any CPU
		{236954D5-3A09-48EA-B3E6-B16BD5E7FF4A}.Debug|x86.ActiveCfg = Debug|Any CPU
		{236954D5-3A09-48EA-B3E6-B16BD5E7FF4A}.Debug|x86.Build.0 = Debug|Any CPU
		{236954D5-3A09-48EA-B3E6-B16BD5E7FF4A}.Release|Any CPU.ActiveCfg = Release|Any CPU
		{236954D5-3A09-48EA-B3E6-B16BD5E7FF4A}.Release|Any CPU.Build.0 = Release|Any CPU
		{236954D5-3A09-48EA-B3E6-B16BD5E7FF4A}.Release|x64.ActiveCfg = Release|Any CPU
		{236954D5-3A09-48EA-B3E6-B16BD5E7FF4A}.Release|x64.Build.0 = Release|Any CPU
		{236954D5-3A09-48EA-B3E6-B16BD5E7FF4A}.Release|x86.ActiveCfg = Release|Any CPU
		{236954D5-3A09-48EA-B3E6-B16BD5E7FF4A}.Release|x86.Build.0 = Release|Any CPU
		{E853F79F-F024-41E5-A64D-20356A300FFE}.Debug|Any CPU.ActiveCfg = Debug|Any CPU
		{E853F79F-F024-41E5-A64D-20356A300FFE}.Debug|Any CPU.Build.0 = Debug|Any CPU
		{E853F79F-F024-41E5-A64D-20356A300FFE}.Debug|x64.ActiveCfg = Debug|Any CPU
		{E853F79F-F024-41E5-A64D-20356A300FFE}.Debug|x64.Build.0 = Debug|Any CPU
		{E853F79F-F024-41E5-A64D-20356A300FFE}.Debug|x86.ActiveCfg = Debug|Any CPU
		{E853F79F-F024-41E5-A64D-20356A300FFE}.Debug|x86.Build.0 = Debug|Any CPU
		{E853F79F-F024-41E5-A64D-20356A300FFE}.Release|Any CPU.ActiveCfg = Release|Any CPU
		{E853F79F-F024-41E5-A64D-20356A300FFE}.Release|Any CPU.Build.0 = Release|Any CPU
		{E853F79F-F024-41E5-A64D-20356A300FFE}.Release|x64.ActiveCfg = Release|Any CPU
		{E853F79F-F024-41E5-A64D-20356A300FFE}.Release|x64.Build.0 = Release|Any CPU
		{E853F79F-F024-41E5-A64D-20356A300FFE}.Release|x86.ActiveCfg = Release|Any CPU
		{E853F79F-F024-41E5-A64D-20356A300FFE}.Release|x86.Build.0 = Release|Any CPU
		{5B7E5A83-93DF-4F17-BAE7-26CAA8D07F93}.Debug|Any CPU.ActiveCfg = Debug|Any CPU
		{5B7E5A83-93DF-4F17-BAE7-26CAA8D07F93}.Debug|Any CPU.Build.0 = Debug|Any CPU
		{5B7E5A83-93DF-4F17-BAE7-26CAA8D07F93}.Debug|x64.ActiveCfg = Debug|Any CPU
		{5B7E5A83-93DF-4F17-BAE7-26CAA8D07F93}.Debug|x64.Build.0 = Debug|Any CPU
		{5B7E5A83-93DF-4F17-BAE7-26CAA8D07F93}.Debug|x86.ActiveCfg = Debug|Any CPU
		{5B7E5A83-93DF-4F17-BAE7-26CAA8D07F93}.Debug|x86.Build.0 = Debug|Any CPU
		{5B7E5A83-93DF-4F17-BAE7-26CAA8D07F93}.Release|Any CPU.ActiveCfg = Release|Any CPU
		{5B7E5A83-93DF-4F17-BAE7-26CAA8D07F93}.Release|Any CPU.Build.0 = Release|Any CPU
		{5B7E5A83-93DF-4F17-BAE7-26CAA8D07F93}.Release|x64.ActiveCfg = Release|Any CPU
		{5B7E5A83-93DF-4F17-BAE7-26CAA8D07F93}.Release|x64.Build.0 = Release|Any CPU
		{5B7E5A83-93DF-4F17-BAE7-26CAA8D07F93}.Release|x86.ActiveCfg = Release|Any CPU
		{5B7E5A83-93DF-4F17-BAE7-26CAA8D07F93}.Release|x86.Build.0 = Release|Any CPU
		{C152307E-A364-4119-A79E-5CF8553C0A63}.Debug|Any CPU.ActiveCfg = Debug|Any CPU
		{C152307E-A364-4119-A79E-5CF8553C0A63}.Debug|Any CPU.Build.0 = Debug|Any CPU
		{C152307E-A364-4119-A79E-5CF8553C0A63}.Debug|x64.ActiveCfg = Debug|Any CPU
		{C152307E-A364-4119-A79E-5CF8553C0A63}.Debug|x64.Build.0 = Debug|Any CPU
		{C152307E-A364-4119-A79E-5CF8553C0A63}.Debug|x86.ActiveCfg = Debug|Any CPU
		{C152307E-A364-4119-A79E-5CF8553C0A63}.Debug|x86.Build.0 = Debug|Any CPU
		{C152307E-A364-4119-A79E-5CF8553C0A63}.Release|Any CPU.ActiveCfg = Release|Any CPU
		{C152307E-A364-4119-A79E-5CF8553C0A63}.Release|Any CPU.Build.0 = Release|Any CPU
		{C152307E-A364-4119-A79E-5CF8553C0A63}.Release|x64.ActiveCfg = Release|Any CPU
		{C152307E-A364-4119-A79E-5CF8553C0A63}.Release|x64.Build.0 = Release|Any CPU
		{C152307E-A364-4119-A79E-5CF8553C0A63}.Release|x86.ActiveCfg = Release|Any CPU
		{C152307E-A364-4119-A79E-5CF8553C0A63}.Release|x86.Build.0 = Release|Any CPU
		{D78E065F-CB1F-4BB4-A259-B85E1BA5161E}.Debug|Any CPU.ActiveCfg = Debug|Any CPU
		{D78E065F-CB1F-4BB4-A259-B85E1BA5161E}.Debug|Any CPU.Build.0 = Debug|Any CPU
		{D78E065F-CB1F-4BB4-A259-B85E1BA5161E}.Debug|x64.ActiveCfg = Debug|Any CPU
		{D78E065F-CB1F-4BB4-A259-B85E1BA5161E}.Debug|x64.Build.0 = Debug|Any CPU
		{D78E065F-CB1F-4BB4-A259-B85E1BA5161E}.Debug|x86.ActiveCfg = Debug|Any CPU
		{D78E065F-CB1F-4BB4-A259-B85E1BA5161E}.Debug|x86.Build.0 = Debug|Any CPU
		{D78E065F-CB1F-4BB4-A259-B85E1BA5161E}.Release|Any CPU.ActiveCfg = Release|Any CPU
		{D78E065F-CB1F-4BB4-A259-B85E1BA5161E}.Release|Any CPU.Build.0 = Release|Any CPU
		{D78E065F-CB1F-4BB4-A259-B85E1BA5161E}.Release|x64.ActiveCfg = Release|Any CPU
		{D78E065F-CB1F-4BB4-A259-B85E1BA5161E}.Release|x64.Build.0 = Release|Any CPU
		{D78E065F-CB1F-4BB4-A259-B85E1BA5161E}.Release|x86.ActiveCfg = Release|Any CPU
		{D78E065F-CB1F-4BB4-A259-B85E1BA5161E}.Release|x86.Build.0 = Release|Any CPU
		{A577549C-D9E3-4B90-9BE4-D99E643D7CEA}.Debug|Any CPU.ActiveCfg = Debug|Any CPU
		{A577549C-D9E3-4B90-9BE4-D99E643D7CEA}.Debug|Any CPU.Build.0 = Debug|Any CPU
		{A577549C-D9E3-4B90-9BE4-D99E643D7CEA}.Debug|x64.ActiveCfg = Debug|Any CPU
		{A577549C-D9E3-4B90-9BE4-D99E643D7CEA}.Debug|x64.Build.0 = Debug|Any CPU
		{A577549C-D9E3-4B90-9BE4-D99E643D7CEA}.Debug|x86.ActiveCfg = Debug|Any CPU
		{A577549C-D9E3-4B90-9BE4-D99E643D7CEA}.Debug|x86.Build.0 = Debug|Any CPU
		{A577549C-D9E3-4B90-9BE4-D99E643D7CEA}.Release|Any CPU.ActiveCfg = Release|Any CPU
		{A577549C-D9E3-4B90-9BE4-D99E643D7CEA}.Release|Any CPU.Build.0 = Release|Any CPU
		{A577549C-D9E3-4B90-9BE4-D99E643D7CEA}.Release|x64.ActiveCfg = Release|Any CPU
		{A577549C-D9E3-4B90-9BE4-D99E643D7CEA}.Release|x64.Build.0 = Release|Any CPU
		{A577549C-D9E3-4B90-9BE4-D99E643D7CEA}.Release|x86.ActiveCfg = Release|Any CPU
		{A577549C-D9E3-4B90-9BE4-D99E643D7CEA}.Release|x86.Build.0 = Release|Any CPU
	EndGlobalSection
	GlobalSection(SolutionProperties) = preSolution
		HideSolutionNode = FALSE
	EndGlobalSection
	GlobalSection(NestedProjects) = preSolution
		{FEB5E1E6-3211-489F-B08E-64BD4B6C3825} = {34F29689-4830-4406-B6E6-A36922FFAA5B}
		{EC73AD0D-E9E0-4232-A67A-1094E1E3C09C} = {34F29689-4830-4406-B6E6-A36922FFAA5B}
		{34F29689-4830-4406-B6E6-A36922FFAA5B} = {C188C6D3-42A7-48DB-82B2-15E67325DE94}
		{F4901292-135E-4E36-93E7-C02762BA6116} = {45755CDE-8322-42B4-ADC0-A0126A3997A4}
		{391F1325-33CC-4414-B0C5-05395FF006F2} = {45755CDE-8322-42B4-ADC0-A0126A3997A4}
		{45755CDE-8322-42B4-ADC0-A0126A3997A4} = {C188C6D3-42A7-48DB-82B2-15E67325DE94}
		{D27A4457-B09A-4389-B56C-7A1E180B5F89} = {C188C6D3-42A7-48DB-82B2-15E67325DE94}
		{DA8D976B-3C28-4ECB-923A-59167EE25ABE} = {D27A4457-B09A-4389-B56C-7A1E180B5F89}
		{B76718D9-1F9C-462A-B980-F48282456504} = {D27A4457-B09A-4389-B56C-7A1E180B5F89}
		{D12A1538-3710-454B-91F8-FA92024D5A9E} = {C188C6D3-42A7-48DB-82B2-15E67325DE94}
		{5ED52D07-9BB8-4EF4-9DF1-53D19A8A5FDB} = {D12A1538-3710-454B-91F8-FA92024D5A9E}
		{26C25DD2-F218-4209-9EA3-DEF2D029048C} = {D12A1538-3710-454B-91F8-FA92024D5A9E}
		{E946D98E-8216-438D-BD42-407A4B4E8201} = {6A994D23-9BFA-4202-9DC2-71AB66DDD0F2}
		{BA3D8C05-0820-48F3-A42F-0CF4FB40BD4D} = {E946D98E-8216-438D-BD42-407A4B4E8201}
		{20D49EF3-D810-4DE5-9817-FDB6DC93EC3C} = {E946D98E-8216-438D-BD42-407A4B4E8201}
		{55EFE0A8-3F4A-46E2-BD74-39D3D74D8B5E} = {C188C6D3-42A7-48DB-82B2-15E67325DE94}
		{A13EA2EF-14FC-4CB1-BFCE-608B1728B788} = {55EFE0A8-3F4A-46E2-BD74-39D3D74D8B5E}
		{6E111D1A-9F3E-4486-960C-57AF7DA4D809} = {C188C6D3-42A7-48DB-82B2-15E67325DE94}
		{1264D55B-686A-4113-B882-B5B8A12F5D39} = {6E111D1A-9F3E-4486-960C-57AF7DA4D809}
		{338B7BFE-C80F-43F0-9A98-AD8477C75B8D} = {6E111D1A-9F3E-4486-960C-57AF7DA4D809}
		{315D5079-3539-49CA-93AF-2614E2A84E44} = {6A994D23-9BFA-4202-9DC2-71AB66DDD0F2}
		{41FF63FA-CAF4-48DF-B7A6-66575AB4F7AC} = {315D5079-3539-49CA-93AF-2614E2A84E44}
		{8A455F08-FF6F-466D-AF5C-E11F8147D8A8} = {315D5079-3539-49CA-93AF-2614E2A84E44}
		{2E899BAD-CF02-48F6-BFEE-B7986DF4EC25} = {8A455F08-FF6F-466D-AF5C-E11F8147D8A8}
		{F14B3350-CE99-4C91-9077-1C0840D9A738} = {8A455F08-FF6F-466D-AF5C-E11F8147D8A8}
		{AD9ACDC2-CC8A-4163-8C51-7BFA37233E39} = {8A455F08-FF6F-466D-AF5C-E11F8147D8A8}
		{DEE66F5E-D4A2-4352-B27C-8FDB8DF537D2} = {2E899BAD-CF02-48F6-BFEE-B7986DF4EC25}
		{674ED163-0427-4009-8A57-3ECA8A041A9C} = {2E899BAD-CF02-48F6-BFEE-B7986DF4EC25}
		{2F1DC9AD-E382-4F59-B0F4-0CFA42C7AC48} = {2E899BAD-CF02-48F6-BFEE-B7986DF4EC25}
		{6D3D4832-CDE0-4D7D-AD45-EC49F496B2BD} = {F14B3350-CE99-4C91-9077-1C0840D9A738}
		{A3EC32B8-DF37-4466-8191-0CD1AD4405AE} = {F14B3350-CE99-4C91-9077-1C0840D9A738}
		{416938B8-3667-4335-A6BF-B83B9C96A335} = {F14B3350-CE99-4C91-9077-1C0840D9A738}
		{0693DE9C-07EE-4970-A17A-68A28CA6C8DD} = {F14B3350-CE99-4C91-9077-1C0840D9A738}
		{8C2AB03D-33D7-4965-A686-EA8BFE5F21FA} = {F14B3350-CE99-4C91-9077-1C0840D9A738}
		{43614005-1121-4F50-9705-963590729F45} = {AD9ACDC2-CC8A-4163-8C51-7BFA37233E39}
		{C188C6D3-42A7-48DB-82B2-15E67325DE94} = {6A994D23-9BFA-4202-9DC2-71AB66DDD0F2}
		{A1B2C3D4-1111-2222-3333-444455556666} = {F14B3350-CE99-4C91-9077-1C0840D9A738}
		{A1B2C3D4-1111-2222-3333-444455557777} = {F14B3350-CE99-4C91-9077-1C0840D9A738}
		{A1B2C3D4-1111-2222-3333-444455558888} = {F14B3350-CE99-4C91-9077-1C0840D9A738}
		{A1B2C3D4-1111-2222-3333-444455559999} = {F14B3350-CE99-4C91-9077-1C0840D9A738}
		{A1B2C3D4-1111-2222-3333-44445555AAAA} = {643D81E9-C0AD-41ED-88C6-3971436A27D5}
		{5E0D2CFC-5C65-4046-9C74-2B06EA5B397C} = {6A994D23-9BFA-4202-9DC2-71AB66DDD0F2}
		{ECBB5C93-9D0E-43CE-BA02-E818B106414E} = {5E0D2CFC-5C65-4046-9C74-2B06EA5B397C}
		{E222CA10-E2B1-40BA-9F1C-067212D08F7B} = {EA007C0E-E085-4F85-903B-087E954D0CA4}
		{A9B0D052-9CC4-44EE-803D-9D6DDE62F5EF} = {6A994D23-9BFA-4202-9DC2-71AB66DDD0F2}
		{DC5D5B75-8316-4677-ADF6-EBF38C17363A} = {A9B0D052-9CC4-44EE-803D-9D6DDE62F5EF}
		{97769D49-12AC-486F-88DC-4E25F78EB71B} = {8F216E64-AB1B-4402-A602-B20D7B4C470F}
		{5206DCD5-98FA-4BD9-BF78-26DBDCA37EF0} = {8F216E64-AB1B-4402-A602-B20D7B4C470F}
		{CE90738C-FC59-4E52-887F-12F3B46FC2D4} = {5206DCD5-98FA-4BD9-BF78-26DBDCA37EF0}
		{85437C52-90D1-46A3-B1F8-13B01E100B24} = {5206DCD5-98FA-4BD9-BF78-26DBDCA37EF0}
		{EDDEDB77-8AA5-4CFA-A3EA-6C4F02BFF36A} = {5206DCD5-98FA-4BD9-BF78-26DBDCA37EF0}
		{6D1DF1C6-414E-4FA1-8A43-96E1AC67B1AC} = {5206DCD5-98FA-4BD9-BF78-26DBDCA37EF0}
		{72BB44CB-1474-4AC7-9661-6A0668A8D17A} = {8F216E64-AB1B-4402-A602-B20D7B4C470F}
		{D1513088-2D81-4516-A90E-0CC565FE9D97} = {6A994D23-9BFA-4202-9DC2-71AB66DDD0F2}
		{BD6CB790-4075-4870-AA88-8209819A1704} = {D1513088-2D81-4516-A90E-0CC565FE9D97}
		{BF88B5C8-F307-4228-90D1-F1AB5E2D896B} = {BD6CB790-4075-4870-AA88-8209819A1704}
		{3BA36FE4-A23C-478C-8EF0-B47D09803D6C} = {BD6CB790-4075-4870-AA88-8209819A1704}
		{643D81E9-C0AD-41ED-88C6-3971436A27D5} = {BD6CB790-4075-4870-AA88-8209819A1704}
		{FC654DA7-749C-4FB6-8431-A8050A9A8563} = {3BA36FE4-A23C-478C-8EF0-B47D09803D6C}
		{97803E0B-73E7-4280-AB7D-D12DF59667AD} = {3BA36FE4-A23C-478C-8EF0-B47D09803D6C}
		{71AC470A-A455-4445-AF93-3E098018EAEB} = {643D81E9-C0AD-41ED-88C6-3971436A27D5}
		{D64AF132-AA17-4D81-A97A-2D3BB74FBFF5} = {643D81E9-C0AD-41ED-88C6-3971436A27D5}
		{3EEE3CD1-11C7-407F-BCCD-F8B577A3DD83} = {BF88B5C8-F307-4228-90D1-F1AB5E2D896B}
		{174B20B4-E0E2-4EAD-A91C-B07EFB9D1F87} = {643D81E9-C0AD-41ED-88C6-3971436A27D5}
		{E81F17F9-408B-4A45-9A36-11443F44DF73} = {643D81E9-C0AD-41ED-88C6-3971436A27D5}
		{3A64A767-61EC-42D8-8055-3BC76AF446BD} = {643D81E9-C0AD-41ED-88C6-3971436A27D5}
		{6587ED0D-4DF7-493C-AEF4-1D7ADAF35933} = {2E899BAD-CF02-48F6-BFEE-B7986DF4EC25}
		{13C13C26-632A-4BF0-A4B8-8A739D2AC73B} = {6A994D23-9BFA-4202-9DC2-71AB66DDD0F2}
		{D21EA66F-9D34-46F0-883F-1DC0CA286D03} = {13C13C26-632A-4BF0-A4B8-8A739D2AC73B}
		{5AD6106A-5E8C-4328-AF99-BDDAD9ABF608} = {315D5079-3539-49CA-93AF-2614E2A84E44}
		{A6D5F20C-842E-4229-A99F-06EC2B286183} = {5AD6106A-5E8C-4328-AF99-BDDAD9ABF608}
		{17881808-7925-42BF-A455-4428F26F0D62} = {5E0D2CFC-5C65-4046-9C74-2B06EA5B397C}
		{23F13913-0615-4AA5-8152-DF2CB8B3D1E8} = {F14B3350-CE99-4C91-9077-1C0840D9A738}
		{236954D5-3A09-48EA-B3E6-B16BD5E7FF4A} = {EA007C0E-E085-4F85-903B-087E954D0CA4}
		{E853F79F-F024-41E5-A64D-20356A300FFE} = {D12A1538-3710-454B-91F8-FA92024D5A9E}
		{5B7E5A83-93DF-4F17-BAE7-26CAA8D07F93} = {AD9ACDC2-CC8A-4163-8C51-7BFA37233E39}
		{C152307E-A364-4119-A79E-5CF8553C0A63} = {D12A1538-3710-454B-91F8-FA92024D5A9E}
		{D78E065F-CB1F-4BB4-A259-B85E1BA5161E} = {6A994D23-9BFA-4202-9DC2-71AB66DDD0F2}
		{A577549C-D9E3-4B90-9BE4-D99E643D7CEA} = {64880D93-BAB4-FF83-898C-B934B68C31A9}
	EndGlobalSection
	GlobalSection(ExtensibilityGlobals) = postSolution
		SolutionGuid = {A1C2D3E4-F5A6-47B8-9C0D-E1F2A3B4C5D6}
	EndGlobalSection
EndGlobal
