
Microsoft Visual Studio Solution File, Format Version 12.00
Project("{FAE04EC0-301F-11D3-BF4B-00C04F79EFBC}") = "JobApi.Service", "JobApi.Service\JobApi.Service.csproj", "{E8118CF2-904C-4B25-91D3-28E0A817FA7B}"
EndProject
Project("{FAE04EC0-301F-11D3-BF4B-00C04F79EFBC}") = "JobAPI.Contracts", "JobAPI.Contracts\JobAPI.Contracts.csproj", "{5033CE30-BFD1-45BC-A4BD-4D987C8EACC5}"
EndProject
Global
	GlobalSection(SolutionConfigurationPlatforms) = preSolution
		Debug|Any CPU = Debug|Any CPU
		Release|Any CPU = Release|Any CPU
	EndGlobalSection
	GlobalSection(ProjectConfigurationPlatforms) = postSolution
		{E8118CF2-904C-4B25-91D3-28E0A817FA7B}.Debug|Any CPU.ActiveCfg = Debug|Any CPU
		{E8118CF2-904C-4B25-91D3-28E0A817FA7B}.Debug|Any CPU.Build.0 = Debug|Any CPU
		{E8118CF2-904C-4B25-91D3-28E0A817FA7B}.Release|Any CPU.ActiveCfg = Release|Any CPU
		{E8118CF2-904C-4B25-91D3-28E0A817FA7B}.Release|Any CPU.Build.0 = Release|Any CPU
		{5033CE30-BFD1-45BC-A4BD-4D987C8EACC5}.Debug|Any CPU.ActiveCfg = Debug|Any CPU
		{5033CE30-BFD1-45BC-A4BD-4D987C8EACC5}.Debug|Any CPU.Build.0 = Debug|Any CPU
		{5033CE30-BFD1-45BC-A4BD-4D987C8EACC5}.Release|Any CPU.ActiveCfg = Release|Any CPU
		{5033CE30-BFD1-45BC-A4BD-4D987C8EACC5}.Release|Any CPU.Build.0 = Release|Any CPU
	EndGlobalSection
	GlobalSection(NestedProjects) = preSolution
	EndGlobalSection
EndGlobal
